<?xml version="1.0"?>
<plist version="1.0">
	<dict>
		<key>archiveVersion</key>
		<string>1</string>
		<key>classes</key>
		<dict />
		<key>objectVersion</key>
		<string>46</string>
		<key>objects</key>
		<dict>
			<key>0F95B5EA035A92510BBA967D</key>
			<dict>
				<key>explicitFileType</key>
				<string>sourcecode.c.h</string>
				<key>fileEncoding</key>
				<string>4</string>
				<key>isa</key>
				<string>PBXFileReference</string>
				<key>name</key>
				<string>src\ofxScreenSetup.h</string>
				<key>path</key>
				<string>../../ExternalAddons/ofxScreenSetup/src\ofxScreenSetup.h</string>
				<key>sourceTree</key>
				<string>SOURCE_ROOT</string>
			</dict>
			<key>B07AD110C948A57108F2DAD8</key>
			<dict>
				<key>fileRef</key>
				<string>D8FDC0F3BEF838FADA4C2F73</string>
				<key>isa</key>
				<string>PBXBuildFile</string>
			</dict>
			<key>D8FDC0F3BEF838FADA4C2F73</key>
			<dict>
				<key>explicitFileType</key>
				<string>sourcecode.cpp.cpp</string>
				<key>fileEncoding</key>
				<string>4</string>
				<key>isa</key>
				<string>PBXFileReference</string>
				<key>name</key>
				<string>src\ofxScreenSetup.cpp</string>
				<key>path</key>
				<string>../../ExternalAddons/ofxScreenSetup/src\ofxScreenSetup.cpp</string>
				<key>sourceTree</key>
				<string>SOURCE_ROOT</string>
			</dict>
			<key>B99914D6895EFBC77258D471</key>
			<dict>
				<key>explicitFileType</key>
				<string>sourcecode.c.h</string>
				<key>fileEncoding</key>
				<string>4</string>
				<key>isa</key>
				<string>PBXFileReference</string>
				<key>name</key>
				<string>libs\fontstash\src\stb_truetype.h</string>
				<key>path</key>
				<string>../../ExternalAddons/ofxFontStash/libs\fontstash\src\stb_truetype.h</string>
				<key>sourceTree</key>
				<string>SOURCE_ROOT</string>
			</dict>
			<key>22218DB5F0E3F813437EB954</key>
			<dict>
				<key>fileRef</key>
				<string>66993EFBB6D90D357613AD4D</string>
				<key>isa</key>
				<string>PBXBuildFile</string>
			</dict>
			<key>66993EFBB6D90D357613AD4D</key>
			<dict>
				<key>explicitFileType</key>
				<string>sourcecode.c.c</string>
				<key>fileEncoding</key>
				<string>4</string>
				<key>isa</key>
				<string>PBXFileReference</string>
				<key>name</key>
				<string>libs\fontstash\src\stb_truetype.c</string>
				<key>path</key>
				<string>../../ExternalAddons/ofxFontStash/libs\fontstash\src\stb_truetype.c</string>
				<key>sourceTree</key>
				<string>SOURCE_ROOT</string>
			</dict>
			<key>AF8B0B36E9060A3EBACE353F</key>
			<dict>
				<key>explicitFileType</key>
				<string>sourcecode.c.h</string>
				<key>fileEncoding</key>
				<string>4</string>
				<key>isa</key>
				<string>PBXFileReference</string>
				<key>name</key>
				<string>libs\fontstash\src\fontstash.h</string>
				<key>path</key>
				<string>../../ExternalAddons/ofxFontStash/libs\fontstash\src\fontstash.h</string>
				<key>sourceTree</key>
				<string>SOURCE_ROOT</string>
			</dict>
			<key>81F29384297D6F0F5735EC95</key>
			<dict>
				<key>fileRef</key>
				<string>FECA444D7F33165E648B30F5</string>
				<key>isa</key>
				<string>PBXBuildFile</string>
			</dict>
			<key>FECA444D7F33165E648B30F5</key>
			<dict>
				<key>explicitFileType</key>
				<string>sourcecode.c.c</string>
				<key>fileEncoding</key>
				<string>4</string>
				<key>isa</key>
				<string>PBXFileReference</string>
				<key>name</key>
				<string>libs\fontstash\src\fontstash.c</string>
				<key>path</key>
				<string>../../ExternalAddons/ofxFontStash/libs\fontstash\src\fontstash.c</string>
				<key>sourceTree</key>
				<string>SOURCE_ROOT</string>
			</dict>
			<key>213E28D2F261CAD94149FDFC</key>
			<dict>
				<key>explicitFileType</key>
				<string>sourcecode.c.h</string>
				<key>fileEncoding</key>
				<string>4</string>
				<key>isa</key>
				<string>PBXFileReference</string>
				<key>name</key>
				<string>src\ofxFontStash.h</string>
				<key>path</key>
				<string>../../ExternalAddons/ofxFontStash/src\ofxFontStash.h</string>
				<key>sourceTree</key>
				<string>SOURCE_ROOT</string>
			</dict>
			<key>DA10626604B61DED275D2701</key>
			<dict>
				<key>fileRef</key>
				<string>816EA47F2243D788FB5F6717</string>
				<key>isa</key>
				<string>PBXBuildFile</string>
			</dict>
			<key>816EA47F2243D788FB5F6717</key>
			<dict>
				<key>explicitFileType</key>
				<string>sourcecode.cpp.cpp</string>
				<key>fileEncoding</key>
				<string>4</string>
				<key>isa</key>
				<string>PBXFileReference</string>
				<key>name</key>
				<string>src\ofxFontStash.cpp</string>
				<key>path</key>
				<string>../../ExternalAddons/ofxFontStash/src\ofxFontStash.cpp</string>
				<key>sourceTree</key>
				<string>SOURCE_ROOT</string>
			</dict>
			<key>37D70C0F2B7D798A0C997453</key>
			<dict>
				<key>explicitFileType</key>
				<string>sourcecode.c.h</string>
				<key>fileEncoding</key>
				<string>4</string>
				<key>isa</key>
				<string>PBXFileReference</string>
				<key>name</key>
				<string>src\ofxAnimatableQueue.h</string>
				<key>path</key>
				<string>../../ExternalAddons/ofxAnimatable/src\ofxAnimatableQueue.h</string>
				<key>sourceTree</key>
				<string>SOURCE_ROOT</string>
			</dict>
			<key>CB69264D31D114988652A3FB</key>
			<dict>
				<key>fileRef</key>
				<string>D0520099564C5C74ED7CFED4</string>
				<key>isa</key>
				<string>PBXBuildFile</string>
			</dict>
			<key>D0520099564C5C74ED7CFED4</key>
			<dict>
				<key>explicitFileType</key>
				<string>sourcecode.cpp.cpp</string>
				<key>fileEncoding</key>
				<string>4</string>
				<key>isa</key>
				<string>PBXFileReference</string>
				<key>name</key>
				<string>src\ofxAnimatableQueue.cpp</string>
				<key>path</key>
				<string>../../ExternalAddons/ofxAnimatable/src\ofxAnimatableQueue.cpp</string>
				<key>sourceTree</key>
				<string>SOURCE_ROOT</string>
			</dict>
			<key>622BB9E5749B5026E871AD1F</key>
			<dict>
				<key>explicitFileType</key>
				<string>sourcecode.c.h</string>
				<key>fileEncoding</key>
				<string>4</string>
				<key>isa</key>
				<string>PBXFileReference</string>
				<key>name</key>
				<string>src\ofxAnimatableOfPoint.h</string>
				<key>path</key>
				<string>../../ExternalAddons/ofxAnimatable/src\ofxAnimatableOfPoint.h</string>
				<key>sourceTree</key>
				<string>SOURCE_ROOT</string>
			</dict>
			<key>CDF3CF04C7588078C5EC7C2B</key>
			<dict>
				<key>fileRef</key>
				<string>FE00F2F0688DF4BBE540429B</string>
				<key>isa</key>
				<string>PBXBuildFile</string>
			</dict>
			<key>FE00F2F0688DF4BBE540429B</key>
			<dict>
				<key>explicitFileType</key>
				<string>sourcecode.cpp.cpp</string>
				<key>fileEncoding</key>
				<string>4</string>
				<key>isa</key>
				<string>PBXFileReference</string>
				<key>name</key>
				<string>src\ofxAnimatableOfPoint.cpp</string>
				<key>path</key>
				<string>../../ExternalAddons/ofxAnimatable/src\ofxAnimatableOfPoint.cpp</string>
				<key>sourceTree</key>
				<string>SOURCE_ROOT</string>
			</dict>
			<key>BD61025F50B1E5F403FA38FC</key>
			<dict>
				<key>explicitFileType</key>
				<string>sourcecode.c.h</string>
				<key>fileEncoding</key>
				<string>4</string>
				<key>isa</key>
				<string>PBXFileReference</string>
				<key>name</key>
				<string>src\ofxAnimatableOfColor.h</string>
				<key>path</key>
				<string>../../ExternalAddons/ofxAnimatable/src\ofxAnimatableOfColor.h</string>
				<key>sourceTree</key>
				<string>SOURCE_ROOT</string>
			</dict>
			<key>93DE6E5E7CE2417C86D1F3F8</key>
			<dict>
				<key>fileRef</key>
				<string>9BB7B3BD38530BAA8F419C89</string>
				<key>isa</key>
				<string>PBXBuildFile</string>
			</dict>
			<key>9BB7B3BD38530BAA8F419C89</key>
			<dict>
				<key>explicitFileType</key>
				<string>sourcecode.cpp.cpp</string>
				<key>fileEncoding</key>
				<string>4</string>
				<key>isa</key>
				<string>PBXFileReference</string>
				<key>name</key>
				<string>src\ofxAnimatableOfColor.cpp</string>
				<key>path</key>
				<string>../../ExternalAddons/ofxAnimatable/src\ofxAnimatableOfColor.cpp</string>
				<key>sourceTree</key>
				<string>SOURCE_ROOT</string>
			</dict>
			<key>357170E98931F4204613B386</key>
			<dict>
				<key>explicitFileType</key>
				<string>sourcecode.c.h</string>
				<key>fileEncoding</key>
				<string>4</string>
				<key>isa</key>
				<string>PBXFileReference</string>
				<key>name</key>
				<string>src\ofxAnimatableFloat.h</string>
				<key>path</key>
				<string>../../ExternalAddons/ofxAnimatable/src\ofxAnimatableFloat.h</string>
				<key>sourceTree</key>
				<string>SOURCE_ROOT</string>
			</dict>
			<key>01C8A30171D9A44CCA17B578</key>
			<dict>
				<key>fileRef</key>
				<string>E9A8F1756C6EF37BFAFE7A59</string>
				<key>isa</key>
				<string>PBXBuildFile</string>
			</dict>
			<key>E9A8F1756C6EF37BFAFE7A59</key>
			<dict>
				<key>explicitFileType</key>
				<string>sourcecode.cpp.cpp</string>
				<key>fileEncoding</key>
				<string>4</string>
				<key>isa</key>
				<string>PBXFileReference</string>
				<key>name</key>
				<string>src\ofxAnimatableFloat.cpp</string>
				<key>path</key>
				<string>../../ExternalAddons/ofxAnimatable/src\ofxAnimatableFloat.cpp</string>
				<key>sourceTree</key>
				<string>SOURCE_ROOT</string>
			</dict>
			<key>8C5A6C15790A1532F95B1866</key>
			<dict>
				<key>explicitFileType</key>
				<string>sourcecode.c.h</string>
				<key>fileEncoding</key>
				<string>4</string>
				<key>isa</key>
				<string>PBXFileReference</string>
				<key>name</key>
				<string>src\ofxAnimatable.h</string>
				<key>path</key>
				<string>../../ExternalAddons/ofxAnimatable/src\ofxAnimatable.h</string>
				<key>sourceTree</key>
				<string>SOURCE_ROOT</string>
			</dict>
			<key>41B58CBFE28377597E1648EF</key>
			<dict>
				<key>fileRef</key>
				<string>3BADF119DB9AD3E3A835E725</string>
				<key>isa</key>
				<string>PBXBuildFile</string>
			</dict>
			<key>3BADF119DB9AD3E3A835E725</key>
			<dict>
				<key>explicitFileType</key>
				<string>sourcecode.cpp.cpp</string>
				<key>fileEncoding</key>
				<string>4</string>
				<key>isa</key>
				<string>PBXFileReference</string>
				<key>name</key>
				<string>src\ofxAnimatable.cpp</string>
				<key>path</key>
				<string>../../ExternalAddons/ofxAnimatable/src\ofxAnimatable.cpp</string>
				<key>sourceTree</key>
				<string>SOURCE_ROOT</string>
			</dict>
			<key>E7819EB8889A8B526A2FAECE</key>
			<dict>
				<key>explicitFileType</key>
				<string>sourcecode.c.h</string>
				<key>fileEncoding</key>
				<string>4</string>
				<key>isa</key>
				<string>PBXFileReference</string>
				<key>name</key>
				<string>src\ofxHistoryPlot.h</string>
				<key>path</key>
				<string>../../ExternalAddons/ofxHistoryPlot/src\ofxHistoryPlot.h</string>
				<key>sourceTree</key>
				<string>SOURCE_ROOT</string>
			</dict>
			<key>1F1E34170B59C9320CCF7E74</key>
			<dict>
				<key>fileRef</key>
				<string>AD41A84C6E71C10D6B683769</string>
				<key>isa</key>
				<string>PBXBuildFile</string>
			</dict>
			<key>AD41A84C6E71C10D6B683769</key>
			<dict>
				<key>explicitFileType</key>
				<string>sourcecode.cpp.cpp</string>
				<key>fileEncoding</key>
				<string>4</string>
				<key>isa</key>
				<string>PBXFileReference</string>
				<key>name</key>
				<string>src\ofxHistoryPlot.cpp</string>
				<key>path</key>
				<string>../../ExternalAddons/ofxHistoryPlot/src\ofxHistoryPlot.cpp</string>
				<key>sourceTree</key>
				<string>SOURCE_ROOT</string>
			</dict>
			<key>81DC4D5FE7B14CFF68707B51</key>
			<dict>
				<key>explicitFileType</key>
				<string>sourcecode.c.h</string>
				<key>fileEncoding</key>
				<string>4</string>
				<key>isa</key>
				<string>PBXFileReference</string>
				<key>name</key>
				<string>src\uriencode.h</string>
				<key>path</key>
				<string>../../ExternalAddons/ofxRemoteUI/src\uriencode.h</string>
				<key>sourceTree</key>
				<string>SOURCE_ROOT</string>
			</dict>
			<key>AC27DD1F5087DF64D3840092</key>
			<dict>
				<key>fileRef</key>
				<string>264BAB1FB4E3D40B194DD108</string>
				<key>isa</key>
				<string>PBXBuildFile</string>
			</dict>
			<key>264BAB1FB4E3D40B194DD108</key>
			<dict>
				<key>explicitFileType</key>
				<string>sourcecode.cpp.cpp</string>
				<key>fileEncoding</key>
				<string>4</string>
				<key>isa</key>
				<string>PBXFileReference</string>
				<key>name</key>
				<string>src\uriencode.cpp</string>
				<key>path</key>
				<string>../../ExternalAddons/ofxRemoteUI/src\uriencode.cpp</string>
				<key>sourceTree</key>
				<string>SOURCE_ROOT</string>
			</dict>
			<key>8280FCF8E9769BC11B703495</key>
			<dict>
				<key>fileRef</key>
				<string>3104407189C6FE1869EFA5A3</string>
				<key>isa</key>
				<string>PBXBuildFile</string>
			</dict>
			<key>3104407189C6FE1869EFA5A3</key>
			<dict>
				<key>explicitFileType</key>
				<string>sourcecode.cpp.cpp</string>
				<key>fileEncoding</key>
				<string>4</string>
				<key>isa</key>
				<string>PBXFileReference</string>
				<key>name</key>
				<string>src\RUIWebBinary.cpp</string>
				<key>path</key>
				<string>../../ExternalAddons/ofxRemoteUI/src\RUIWebBinary.cpp</string>
				<key>sourceTree</key>
				<string>SOURCE_ROOT</string>
			</dict>
			<key>8349DFDC50C07442DDB7BA78</key>
			<dict>
				<key>explicitFileType</key>
				<string>sourcecode.c.h</string>
				<key>fileEncoding</key>
				<string>4</string>
				<key>isa</key>
				<string>PBXFileReference</string>
				<key>name</key>
				<string>src\RemoteParam.h</string>
				<key>path</key>
				<string>../../ExternalAddons/ofxRemoteUI/src\RemoteParam.h</string>
				<key>sourceTree</key>
				<string>SOURCE_ROOT</string>
			</dict>
			<key>05E15D596472685FCCAEBA58</key>
			<dict>
				<key>explicitFileType</key>
				<string>sourcecode.c.h</string>
				<key>fileEncoding</key>
				<string>4</string>
				<key>isa</key>
				<string>PBXFileReference</string>
				<key>name</key>
				<string>src\ofxRemoteUIWebServer.h</string>
				<key>path</key>
				<string>../../ExternalAddons/ofxRemoteUI/src\ofxRemoteUIWebServer.h</string>
				<key>sourceTree</key>
				<string>SOURCE_ROOT</string>
			</dict>
			<key>EDA7EB4C9221430A283B7A6A</key>
			<dict>
				<key>fileRef</key>
				<string>2749E258FA30E72367BDFAE8</string>
				<key>isa</key>
				<string>PBXBuildFile</string>
			</dict>
			<key>2749E258FA30E72367BDFAE8</key>
			<dict>
				<key>explicitFileType</key>
				<string>sourcecode.cpp.cpp</string>
				<key>fileEncoding</key>
				<string>4</string>
				<key>isa</key>
				<string>PBXFileReference</string>
				<key>name</key>
				<string>src\ofxRemoteUIWebServer.cpp</string>
				<key>path</key>
				<string>../../ExternalAddons/ofxRemoteUI/src\ofxRemoteUIWebServer.cpp</string>
				<key>sourceTree</key>
				<string>SOURCE_ROOT</string>
			</dict>
			<key>314206966ED400DEA8131CAC</key>
			<dict>
				<key>explicitFileType</key>
				<string>sourcecode.c.h</string>
				<key>fileEncoding</key>
				<string>4</string>
				<key>isa</key>
				<string>PBXFileReference</string>
				<key>name</key>
				<string>src\ofxRemoteUIVars.h</string>
				<key>path</key>
				<string>../../ExternalAddons/ofxRemoteUI/src\ofxRemoteUIVars.h</string>
				<key>sourceTree</key>
				<string>SOURCE_ROOT</string>
			</dict>
			<key>3EA0041839546BF75D7089D6</key>
			<dict>
				<key>explicitFileType</key>
				<string>sourcecode.c.h</string>
				<key>fileEncoding</key>
				<string>4</string>
				<key>isa</key>
				<string>PBXFileReference</string>
				<key>name</key>
				<string>src\ofxRemoteUISimpleNotifications.h</string>
				<key>path</key>
				<string>../../ExternalAddons/ofxRemoteUI/src\ofxRemoteUISimpleNotifications.h</string>
				<key>sourceTree</key>
				<string>SOURCE_ROOT</string>
			</dict>
			<key>7DD96C29053B5FE417FF8783</key>
			<dict>
				<key>explicitFileType</key>
				<string>sourcecode.c.h</string>
				<key>fileEncoding</key>
				<string>4</string>
				<key>isa</key>
				<string>PBXFileReference</string>
				<key>name</key>
				<string>src\ofxRemoteUIServerMacros.h</string>
				<key>path</key>
				<string>../../ExternalAddons/ofxRemoteUI/src\ofxRemoteUIServerMacros.h</string>
				<key>sourceTree</key>
				<string>SOURCE_ROOT</string>
			</dict>
			<key>B17F64B2C7F946DA5F59150D</key>
			<dict>
				<key>explicitFileType</key>
				<string>sourcecode.c.h</string>
				<key>fileEncoding</key>
				<string>4</string>
				<key>isa</key>
				<string>PBXFileReference</string>
				<key>name</key>
				<string>src\ofxRemoteUIServer.h</string>
				<key>path</key>
				<string>../../ExternalAddons/ofxRemoteUI/src\ofxRemoteUIServer.h</string>
				<key>sourceTree</key>
				<string>SOURCE_ROOT</string>
			</dict>
			<key>85DF14B736C3345BBD53213F</key>
			<dict>
				<key>fileRef</key>
				<string>62A6CDC6FF93A530CC26C411</string>
				<key>isa</key>
				<string>PBXBuildFile</string>
			</dict>
			<key>62A6CDC6FF93A530CC26C411</key>
			<dict>
				<key>explicitFileType</key>
				<string>sourcecode.cpp.cpp</string>
				<key>fileEncoding</key>
				<string>4</string>
				<key>isa</key>
				<string>PBXFileReference</string>
				<key>name</key>
				<string>src\ofxRemoteUIServer.cpp</string>
				<key>path</key>
				<string>../../ExternalAddons/ofxRemoteUI/src\ofxRemoteUIServer.cpp</string>
				<key>sourceTree</key>
				<string>SOURCE_ROOT</string>
			</dict>
			<key>4591DE6F798924CC107DB98B</key>
			<dict>
				<key>explicitFileType</key>
				<string>sourcecode.c.h</string>
				<key>fileEncoding</key>
				<string>4</string>
				<key>isa</key>
				<string>PBXFileReference</string>
				<key>name</key>
				<string>src\ofxRemoteUIofParamaterSync.h</string>
				<key>path</key>
				<string>../../ExternalAddons/ofxRemoteUI/src\ofxRemoteUIofParamaterSync.h</string>
				<key>sourceTree</key>
				<string>SOURCE_ROOT</string>
			</dict>
			<key>1193CC15A549349FC0F9B604</key>
			<dict>
				<key>fileRef</key>
				<string>8AD872DEA57FD81E5252DA83</string>
				<key>isa</key>
				<string>PBXBuildFile</string>
			</dict>
			<key>8AD872DEA57FD81E5252DA83</key>
			<dict>
				<key>explicitFileType</key>
				<string>sourcecode.cpp.cpp</string>
				<key>fileEncoding</key>
				<string>4</string>
				<key>isa</key>
				<string>PBXFileReference</string>
				<key>name</key>
				<string>src\ofxRemoteUIofParamaterSync.cpp</string>
				<key>path</key>
				<string>../../ExternalAddons/ofxRemoteUI/src\ofxRemoteUIofParamaterSync.cpp</string>
				<key>sourceTree</key>
				<string>SOURCE_ROOT</string>
			</dict>
			<key>A02DF9880431FF89BF20DDAC</key>
			<dict>
				<key>explicitFileType</key>
				<string>sourcecode.c.h</string>
				<key>fileEncoding</key>
				<string>4</string>
				<key>isa</key>
				<string>PBXFileReference</string>
				<key>name</key>
				<string>src\ofxRemoteUINeigbors.h</string>
				<key>path</key>
				<string>../../ExternalAddons/ofxRemoteUI/src\ofxRemoteUINeigbors.h</string>
				<key>sourceTree</key>
				<string>SOURCE_ROOT</string>
			</dict>
			<key>18E91971AFED4BEEAC2CC3B3</key>
			<dict>
				<key>fileRef</key>
				<string>F51E98581EF51469A56386BA</string>
				<key>isa</key>
				<string>PBXBuildFile</string>
			</dict>
			<key>F51E98581EF51469A56386BA</key>
			<dict>
				<key>explicitFileType</key>
				<string>sourcecode.cpp.cpp</string>
				<key>fileEncoding</key>
				<string>4</string>
				<key>isa</key>
				<string>PBXFileReference</string>
				<key>name</key>
				<string>src\ofxRemoteUINeigbors.cpp</string>
				<key>path</key>
				<string>../../ExternalAddons/ofxRemoteUI/src\ofxRemoteUINeigbors.cpp</string>
				<key>sourceTree</key>
				<string>SOURCE_ROOT</string>
			</dict>
			<key>A52002B1C86DEEC50BF3BDBC</key>
			<dict>
				<key>explicitFileType</key>
				<string>sourcecode.c.h</string>
				<key>fileEncoding</key>
				<string>4</string>
				<key>isa</key>
				<string>PBXFileReference</string>
				<key>name</key>
				<string>src\ofxRemoteUIClient.h</string>
				<key>path</key>
				<string>../../ExternalAddons/ofxRemoteUI/src\ofxRemoteUIClient.h</string>
				<key>sourceTree</key>
				<string>SOURCE_ROOT</string>
			</dict>
			<key>F1B22B5865DBD3722B3AF873</key>
			<dict>
				<key>fileRef</key>
				<string>87A7C8DE0DF8C5F18F0EED9E</string>
				<key>isa</key>
				<string>PBXBuildFile</string>
			</dict>
			<key>87A7C8DE0DF8C5F18F0EED9E</key>
			<dict>
				<key>explicitFileType</key>
				<string>sourcecode.cpp.cpp</string>
				<key>fileEncoding</key>
				<string>4</string>
				<key>isa</key>
				<string>PBXFileReference</string>
				<key>name</key>
				<string>src\ofxRemoteUIClient.cpp</string>
				<key>path</key>
				<string>../../ExternalAddons/ofxRemoteUI/src\ofxRemoteUIClient.cpp</string>
				<key>sourceTree</key>
				<string>SOURCE_ROOT</string>
			</dict>
			<key>A278D4054C07D91222E498AA</key>
			<dict>
				<key>explicitFileType</key>
				<string>sourcecode.c.h</string>
				<key>fileEncoding</key>
				<string>4</string>
				<key>isa</key>
				<string>PBXFileReference</string>
				<key>name</key>
				<string>src\ofxRemoteUI.h</string>
				<key>path</key>
				<string>../../ExternalAddons/ofxRemoteUI/src\ofxRemoteUI.h</string>
				<key>sourceTree</key>
				<string>SOURCE_ROOT</string>
			</dict>
			<key>D4939793528441F209A758A6</key>
			<dict>
				<key>fileRef</key>
				<string>E112B7892A5CB0D67D13BE8E</string>
				<key>isa</key>
				<string>PBXBuildFile</string>
			</dict>
			<key>E112B7892A5CB0D67D13BE8E</key>
			<dict>
				<key>explicitFileType</key>
				<string>sourcecode.cpp.cpp</string>
				<key>fileEncoding</key>
				<string>4</string>
				<key>isa</key>
				<string>PBXFileReference</string>
				<key>name</key>
				<string>src\ofxRemoteUI.cpp</string>
				<key>path</key>
				<string>../../ExternalAddons/ofxRemoteUI/src\ofxRemoteUI.cpp</string>
				<key>sourceTree</key>
				<string>SOURCE_ROOT</string>
			</dict>
			<key>1877C7D73C6A6247AE554C68</key>
			<dict>
				<key>explicitFileType</key>
				<string>sourcecode.c.h</string>
				<key>fileEncoding</key>
				<string>4</string>
				<key>isa</key>
				<string>PBXFileReference</string>
				<key>name</key>
				<string>src\dirent_vs.h</string>
				<key>path</key>
				<string>../../ExternalAddons/ofxRemoteUI/src\dirent_vs.h</string>
				<key>sourceTree</key>
				<string>SOURCE_ROOT</string>
			</dict>
			<key>460A84D2C5D161BCD6DA00D7</key>
			<dict>
				<key>explicitFileType</key>
				<string>sourcecode.c.h</string>
				<key>fileEncoding</key>
				<string>4</string>
				<key>isa</key>
				<string>PBXFileReference</string>
				<key>name</key>
				<string>src\ofxTimeMeasurementsScoped.h</string>
				<key>path</key>
				<string>../../ExternalAddons/ofxTimeMeasurements/src\ofxTimeMeasurementsScoped.h</string>
				<key>sourceTree</key>
				<string>SOURCE_ROOT</string>
			</dict>
			<key>53D41E9634F2ADE9CF5DE7BF</key>
			<dict>
				<key>explicitFileType</key>
				<string>sourcecode.c.h</string>
				<key>fileEncoding</key>
				<string>4</string>
				<key>isa</key>
				<string>PBXFileReference</string>
				<key>name</key>
				<string>src\ofxTimeMeasurementsMacros.h</string>
				<key>path</key>
				<string>../../ExternalAddons/ofxTimeMeasurements/src\ofxTimeMeasurementsMacros.h</string>
				<key>sourceTree</key>
				<string>SOURCE_ROOT</string>
			</dict>
			<key>6502077C403F342D444C0C5E</key>
			<dict>
				<key>explicitFileType</key>
				<string>sourcecode.c.h</string>
				<key>fileEncoding</key>
				<string>4</string>
				<key>isa</key>
				<string>PBXFileReference</string>
				<key>name</key>
				<string>src\ofxTimeMeasurements.h</string>
				<key>path</key>
				<string>../../ExternalAddons/ofxTimeMeasurements/src\ofxTimeMeasurements.h</string>
				<key>sourceTree</key>
				<string>SOURCE_ROOT</string>
			</dict>
			<key>51A90B0A60BF4A8EDB001D57</key>
			<dict>
				<key>fileRef</key>
				<string>026EFD43D95996B2A794AD40</string>
				<key>isa</key>
				<string>PBXBuildFile</string>
			</dict>
			<key>026EFD43D95996B2A794AD40</key>
			<dict>
				<key>explicitFileType</key>
				<string>sourcecode.cpp.cpp</string>
				<key>fileEncoding</key>
				<string>4</string>
				<key>isa</key>
				<string>PBXFileReference</string>
				<key>name</key>
				<string>src\ofxTimeMeasurements.cpp</string>
				<key>path</key>
				<string>../../ExternalAddons/ofxTimeMeasurements/src\ofxTimeMeasurements.cpp</string>
				<key>sourceTree</key>
				<string>SOURCE_ROOT</string>
			</dict>
			<key>258F142978EFA172C80378A5</key>
			<dict>
				<key>explicitFileType</key>
				<string>sourcecode.c.h</string>
				<key>fileEncoding</key>
				<string>4</string>
				<key>isa</key>
				<string>PBXFileReference</string>
				<key>name</key>
				<string>src\GL_Measurement.h</string>
				<key>path</key>
				<string>../../ExternalAddons/ofxTimeMeasurements/src\GL_Measurement.h</string>
				<key>sourceTree</key>
				<string>SOURCE_ROOT</string>
			</dict>
			<key>946BE8D340804A5C83C63EF4</key>
			<dict>
				<key>fileRef</key>
				<string>B35BBC92A7B6495A33D5BF00</string>
				<key>isa</key>
				<string>PBXBuildFile</string>
			</dict>
			<key>B35BBC92A7B6495A33D5BF00</key>
			<dict>
				<key>explicitFileType</key>
				<string>sourcecode.cpp.cpp</string>
				<key>fileEncoding</key>
				<string>4</string>
				<key>isa</key>
				<string>PBXFileReference</string>
				<key>name</key>
				<string>libs\tinyxmlparser.cpp</string>
				<key>path</key>
				<string>../../OpenFrameworks/addons\ofxXmlSettings/libs\tinyxmlparser.cpp</string>
				<key>sourceTree</key>
				<string>SOURCE_ROOT</string>
			</dict>
			<key>7956100615D79A349CB83FEA</key>
			<dict>
				<key>fileRef</key>
				<string>F8FDE95348CC9222477B64E7</string>
				<key>isa</key>
				<string>PBXBuildFile</string>
			</dict>
			<key>F8FDE95348CC9222477B64E7</key>
			<dict>
				<key>explicitFileType</key>
				<string>sourcecode.cpp.cpp</string>
				<key>fileEncoding</key>
				<string>4</string>
				<key>isa</key>
				<string>PBXFileReference</string>
				<key>name</key>
				<string>libs\tinyxmlerror.cpp</string>
				<key>path</key>
				<string>../../OpenFrameworks/addons\ofxXmlSettings/libs\tinyxmlerror.cpp</string>
				<key>sourceTree</key>
				<string>SOURCE_ROOT</string>
			</dict>
			<key>A7271200D63AB2977145450D</key>
			<dict>
				<key>explicitFileType</key>
				<string>sourcecode.c.h</string>
				<key>fileEncoding</key>
				<string>4</string>
				<key>isa</key>
				<string>PBXFileReference</string>
				<key>name</key>
				<string>libs\tinyxml.h</string>
				<key>path</key>
				<string>../../OpenFrameworks/addons\ofxXmlSettings/libs\tinyxml.h</string>
				<key>sourceTree</key>
				<string>SOURCE_ROOT</string>
			</dict>
			<key>3B4B8D89DEBC6DFB48917C91</key>
			<dict>
				<key>fileRef</key>
				<string>7F963CDCA069C7BAEF37A8AF</string>
				<key>isa</key>
				<string>PBXBuildFile</string>
			</dict>
			<key>7F963CDCA069C7BAEF37A8AF</key>
			<dict>
				<key>explicitFileType</key>
				<string>sourcecode.cpp.cpp</string>
				<key>fileEncoding</key>
				<string>4</string>
				<key>isa</key>
				<string>PBXFileReference</string>
				<key>name</key>
				<string>libs\tinyxml.cpp</string>
				<key>path</key>
				<string>../../OpenFrameworks/addons\ofxXmlSettings/libs\tinyxml.cpp</string>
				<key>sourceTree</key>
				<string>SOURCE_ROOT</string>
			</dict>
			<key>16E703FCC729CECADDE181F9</key>
			<dict>
				<key>explicitFileType</key>
				<string>sourcecode.c.h</string>
				<key>fileEncoding</key>
				<string>4</string>
				<key>isa</key>
				<string>PBXFileReference</string>
				<key>name</key>
				<string>src\ofxXmlSettings.h</string>
				<key>path</key>
				<string>../../OpenFrameworks/addons\ofxXmlSettings/src\ofxXmlSettings.h</string>
				<key>sourceTree</key>
				<string>SOURCE_ROOT</string>
			</dict>
			<key>6E39DBC9FB1969960D609CAF</key>
			<dict>
				<key>fileRef</key>
				<string>ED9B5F0B1B8B33A18F5ED67F</string>
				<key>isa</key>
				<string>PBXBuildFile</string>
			</dict>
			<key>ED9B5F0B1B8B33A18F5ED67F</key>
			<dict>
				<key>explicitFileType</key>
				<string>sourcecode.cpp.cpp</string>
				<key>fileEncoding</key>
				<string>4</string>
				<key>isa</key>
				<string>PBXFileReference</string>
				<key>name</key>
				<string>src\ofxXmlSettings.cpp</string>
				<key>path</key>
				<string>../../OpenFrameworks/addons\ofxXmlSettings/src\ofxXmlSettings.cpp</string>
				<key>sourceTree</key>
				<string>SOURCE_ROOT</string>
			</dict>
			<key>8D5EE2ED9B92E3BD75140C98</key>
			<dict>
				<key>explicitFileType</key>
				<string>sourcecode.c.h</string>
				<key>fileEncoding</key>
				<string>4</string>
				<key>isa</key>
				<string>PBXFileReference</string>
				<key>name</key>
				<string>src\ofxXmlPoco.h</string>
				<key>path</key>
				<string>../../OpenFrameworks/addons\ofxPoco/src\ofxXmlPoco.h</string>
				<key>sourceTree</key>
				<string>SOURCE_ROOT</string>
			</dict>
			<key>5ECB4E71A96066EC5A4FF1FC</key>
			<dict>
				<key>fileRef</key>
				<string>CD7794DDB9AAB260EF8ECCE8</string>
				<key>isa</key>
				<string>PBXBuildFile</string>
			</dict>
			<key>CD7794DDB9AAB260EF8ECCE8</key>
			<dict>
				<key>explicitFileType</key>
				<string>sourcecode.cpp.cpp</string>
				<key>fileEncoding</key>
				<string>4</string>
				<key>isa</key>
				<string>PBXFileReference</string>
				<key>name</key>
				<string>src\ofxXmlPoco.cpp</string>
				<key>path</key>
				<string>../../OpenFrameworks/addons\ofxPoco/src\ofxXmlPoco.cpp</string>
				<key>sourceTree</key>
				<string>SOURCE_ROOT</string>
			</dict>
			<key>C5E55EA63B8A7E76F797993B</key>
			<dict>
				<key>explicitFileType</key>
				<string>sourcecode.c.h</string>
				<key>fileEncoding</key>
				<string>4</string>
				<key>isa</key>
				<string>PBXFileReference</string>
				<key>name</key>
				<string>libs\oscpack\src\osc\OscTypes.h</string>
				<key>path</key>
				<string>../../OpenFrameworks/addons\ofxOsc/libs\oscpack\src\osc\OscTypes.h</string>
				<key>sourceTree</key>
				<string>SOURCE_ROOT</string>
			</dict>
			<key>54E560FDC9CED25F7B60A080</key>
			<dict>
				<key>fileRef</key>
				<string>5A941417F892F772B7EDE38B</string>
				<key>isa</key>
				<string>PBXBuildFile</string>
			</dict>
			<key>5A941417F892F772B7EDE38B</key>
			<dict>
				<key>explicitFileType</key>
				<string>sourcecode.cpp.cpp</string>
				<key>fileEncoding</key>
				<string>4</string>
				<key>isa</key>
				<string>PBXFileReference</string>
				<key>name</key>
				<string>libs\oscpack\src\osc\OscTypes.cpp</string>
				<key>path</key>
				<string>../../OpenFrameworks/addons\ofxOsc/libs\oscpack\src\osc\OscTypes.cpp</string>
				<key>sourceTree</key>
				<string>SOURCE_ROOT</string>
			</dict>
			<key>9CCF459A49EF424C55A28F0A</key>
			<dict>
				<key>explicitFileType</key>
				<string>sourcecode.c.h</string>
				<key>fileEncoding</key>
				<string>4</string>
				<key>isa</key>
				<string>PBXFileReference</string>
				<key>name</key>
				<string>libs\oscpack\src\osc\OscReceivedElements.h</string>
				<key>path</key>
				<string>../../OpenFrameworks/addons\ofxOsc/libs\oscpack\src\osc\OscReceivedElements.h</string>
				<key>sourceTree</key>
				<string>SOURCE_ROOT</string>
			</dict>
			<key>C23A42A3F5B8A25FB37DF54D</key>
			<dict>
				<key>fileRef</key>
				<string>72B291F2E2FED29BEC0E7D88</string>
				<key>isa</key>
				<string>PBXBuildFile</string>
			</dict>
			<key>72B291F2E2FED29BEC0E7D88</key>
			<dict>
				<key>explicitFileType</key>
				<string>sourcecode.cpp.cpp</string>
				<key>fileEncoding</key>
				<string>4</string>
				<key>isa</key>
				<string>PBXFileReference</string>
				<key>name</key>
				<string>libs\oscpack\src\osc\OscReceivedElements.cpp</string>
				<key>path</key>
				<string>../../OpenFrameworks/addons\ofxOsc/libs\oscpack\src\osc\OscReceivedElements.cpp</string>
				<key>sourceTree</key>
				<string>SOURCE_ROOT</string>
			</dict>
			<key>CB89D05B85B46C23AAC45F75</key>
			<dict>
				<key>explicitFileType</key>
				<string>sourcecode.c.h</string>
				<key>fileEncoding</key>
				<string>4</string>
				<key>isa</key>
				<string>PBXFileReference</string>
				<key>name</key>
				<string>libs\oscpack\src\osc\OscPrintReceivedElements.h</string>
				<key>path</key>
				<string>../../OpenFrameworks/addons\ofxOsc/libs\oscpack\src\osc\OscPrintReceivedElements.h</string>
				<key>sourceTree</key>
				<string>SOURCE_ROOT</string>
			</dict>
			<key>6D6FD9481B151CC3D76CB208</key>
			<dict>
				<key>fileRef</key>
				<string>8D738462CC8BBADFC3FA2FAF</string>
				<key>isa</key>
				<string>PBXBuildFile</string>
			</dict>
			<key>8D738462CC8BBADFC3FA2FAF</key>
			<dict>
				<key>explicitFileType</key>
				<string>sourcecode.cpp.cpp</string>
				<key>fileEncoding</key>
				<string>4</string>
				<key>isa</key>
				<string>PBXFileReference</string>
				<key>name</key>
				<string>libs\oscpack\src\osc\OscPrintReceivedElements.cpp</string>
				<key>path</key>
				<string>../../OpenFrameworks/addons\ofxOsc/libs\oscpack\src\osc\OscPrintReceivedElements.cpp</string>
				<key>sourceTree</key>
				<string>SOURCE_ROOT</string>
			</dict>
			<key>226D88716D169BECEAC46BD2</key>
			<dict>
				<key>explicitFileType</key>
				<string>sourcecode.c.h</string>
				<key>fileEncoding</key>
				<string>4</string>
				<key>isa</key>
				<string>PBXFileReference</string>
				<key>name</key>
				<string>libs\oscpack\src\osc\OscPacketListener.h</string>
				<key>path</key>
				<string>../../OpenFrameworks/addons\ofxOsc/libs\oscpack\src\osc\OscPacketListener.h</string>
				<key>sourceTree</key>
				<string>SOURCE_ROOT</string>
			</dict>
			<key>CFFB7F3AF2611D5831E26859</key>
			<dict>
				<key>explicitFileType</key>
				<string>sourcecode.c.h</string>
				<key>fileEncoding</key>
				<string>4</string>
				<key>isa</key>
				<string>PBXFileReference</string>
				<key>name</key>
				<string>libs\oscpack\src\osc\OscOutboundPacketStream.h</string>
				<key>path</key>
				<string>../../OpenFrameworks/addons\ofxOsc/libs\oscpack\src\osc\OscOutboundPacketStream.h</string>
				<key>sourceTree</key>
				<string>SOURCE_ROOT</string>
			</dict>
			<key>41C31AA1B9AFC9AAACC00B16</key>
			<dict>
				<key>fileRef</key>
				<string>4A8FF9D1333B1859CB7F8888</string>
				<key>isa</key>
				<string>PBXBuildFile</string>
			</dict>
			<key>4A8FF9D1333B1859CB7F8888</key>
			<dict>
				<key>explicitFileType</key>
				<string>sourcecode.cpp.cpp</string>
				<key>fileEncoding</key>
				<string>4</string>
				<key>isa</key>
				<string>PBXFileReference</string>
				<key>name</key>
				<string>libs\oscpack\src\osc\OscOutboundPacketStream.cpp</string>
				<key>path</key>
				<string>../../OpenFrameworks/addons\ofxOsc/libs\oscpack\src\osc\OscOutboundPacketStream.cpp</string>
				<key>sourceTree</key>
				<string>SOURCE_ROOT</string>
			</dict>
			<key>3D3DE55E3A6693E932638CE9</key>
			<dict>
				<key>explicitFileType</key>
				<string>sourcecode.c.h</string>
				<key>fileEncoding</key>
				<string>4</string>
				<key>isa</key>
				<string>PBXFileReference</string>
				<key>name</key>
				<string>libs\oscpack\src\osc\OscHostEndianness.h</string>
				<key>path</key>
				<string>../../OpenFrameworks/addons\ofxOsc/libs\oscpack\src\osc\OscHostEndianness.h</string>
				<key>sourceTree</key>
				<string>SOURCE_ROOT</string>
			</dict>
			<key>33E14B962CC0038A662C1805</key>
			<dict>
				<key>explicitFileType</key>
				<string>sourcecode.c.h</string>
				<key>fileEncoding</key>
				<string>4</string>
				<key>isa</key>
				<string>PBXFileReference</string>
				<key>name</key>
				<string>libs\oscpack\src\osc\OscException.h</string>
				<key>path</key>
				<string>../../OpenFrameworks/addons\ofxOsc/libs\oscpack\src\osc\OscException.h</string>
				<key>sourceTree</key>
				<string>SOURCE_ROOT</string>
			</dict>
			<key>2E4E94966D66E031D18521F7</key>
			<dict>
				<key>explicitFileType</key>
				<string>sourcecode.c.h</string>
				<key>fileEncoding</key>
				<string>4</string>
				<key>isa</key>
				<string>PBXFileReference</string>
				<key>name</key>
				<string>libs\oscpack\src\osc\MessageMappingOscPacketListener.h</string>
				<key>path</key>
				<string>../../OpenFrameworks/addons\ofxOsc/libs\oscpack\src\osc\MessageMappingOscPacketListener.h</string>
				<key>sourceTree</key>
				<string>SOURCE_ROOT</string>
			</dict>
			<key>210D5FC854B21E1B26581174</key>
			<dict>
				<key>explicitFileType</key>
				<string>sourcecode.c.h</string>
				<key>fileEncoding</key>
				<string>4</string>
				<key>isa</key>
				<string>PBXFileReference</string>
				<key>name</key>
				<string>libs\oscpack\src\ip\UdpSocket.h</string>
				<key>path</key>
				<string>../../OpenFrameworks/addons\ofxOsc/libs\oscpack\src\ip\UdpSocket.h</string>
				<key>sourceTree</key>
				<string>SOURCE_ROOT</string>
			</dict>
			<key>E44D537536E206B0000887CC</key>
			<dict>
				<key>explicitFileType</key>
				<string>sourcecode.c.h</string>
				<key>fileEncoding</key>
				<string>4</string>
				<key>isa</key>
				<string>PBXFileReference</string>
				<key>name</key>
				<string>libs\oscpack\src\ip\TimerListener.h</string>
				<key>path</key>
				<string>../../OpenFrameworks/addons\ofxOsc/libs\oscpack\src\ip\TimerListener.h</string>
				<key>sourceTree</key>
				<string>SOURCE_ROOT</string>
			</dict>
			<key>7E27B77CD91E21E74AB0C204</key>
			<dict>
				<key>fileRef</key>
				<string>4CFEBF16248D13D612F8BB0B</string>
				<key>isa</key>
				<string>PBXBuildFile</string>
			</dict>
			<key>4CFEBF16248D13D612F8BB0B</key>
			<dict>
				<key>explicitFileType</key>
				<string>sourcecode.cpp.cpp</string>
				<key>fileEncoding</key>
				<string>4</string>
				<key>isa</key>
				<string>PBXFileReference</string>
				<key>name</key>
				<string>libs\oscpack\src\ip\posix\UdpSocket.cpp</string>
				<key>path</key>
				<string>../../OpenFrameworks/addons\ofxOsc/libs\oscpack\src\ip\posix\UdpSocket.cpp</string>
				<key>sourceTree</key>
				<string>SOURCE_ROOT</string>
			</dict>
			<key>9470FD7E6E9A2A84F9621B1E</key>
			<dict>
				<key>fileRef</key>
				<string>875C50B536E47F9D0765FD9B</string>
				<key>isa</key>
				<string>PBXBuildFile</string>
			</dict>
			<key>875C50B536E47F9D0765FD9B</key>
			<dict>
				<key>explicitFileType</key>
				<string>sourcecode.cpp.cpp</string>
				<key>fileEncoding</key>
				<string>4</string>
				<key>isa</key>
				<string>PBXFileReference</string>
				<key>name</key>
				<string>libs\oscpack\src\ip\posix\NetworkingUtils.cpp</string>
				<key>path</key>
				<string>../../OpenFrameworks/addons\ofxOsc/libs\oscpack\src\ip\posix\NetworkingUtils.cpp</string>
				<key>sourceTree</key>
				<string>SOURCE_ROOT</string>
			</dict>
			<key>1187018E86657E44A170D2B3</key>
			<dict>
				<key>explicitFileType</key>
				<string>sourcecode.c.h</string>
				<key>fileEncoding</key>
				<string>4</string>
				<key>isa</key>
				<string>PBXFileReference</string>
				<key>name</key>
				<string>libs\oscpack\src\ip\PacketListener.h</string>
				<key>path</key>
				<string>../../OpenFrameworks/addons\ofxOsc/libs\oscpack\src\ip\PacketListener.h</string>
				<key>sourceTree</key>
				<string>SOURCE_ROOT</string>
			</dict>
			<key>D205786A59922EA63785BBFA</key>
			<dict>
				<key>explicitFileType</key>
				<string>sourcecode.c.h</string>
				<key>fileEncoding</key>
				<string>4</string>
				<key>isa</key>
				<string>PBXFileReference</string>
				<key>name</key>
				<string>libs\oscpack\src\ip\NetworkingUtils.h</string>
				<key>path</key>
				<string>../../OpenFrameworks/addons\ofxOsc/libs\oscpack\src\ip\NetworkingUtils.h</string>
				<key>sourceTree</key>
				<string>SOURCE_ROOT</string>
			</dict>
			<key>9AD8715D99D17E0F8C475801</key>
			<dict>
				<key>explicitFileType</key>
				<string>sourcecode.c.h</string>
				<key>fileEncoding</key>
				<string>4</string>
				<key>isa</key>
				<string>PBXFileReference</string>
				<key>name</key>
				<string>libs\oscpack\src\ip\IpEndpointName.h</string>
				<key>path</key>
				<string>../../OpenFrameworks/addons\ofxOsc/libs\oscpack\src\ip\IpEndpointName.h</string>
				<key>sourceTree</key>
				<string>SOURCE_ROOT</string>
			</dict>
			<key>9D21A0B994C59E58D3AFBB61</key>
			<dict>
				<key>fileRef</key>
				<string>799A5A17557413E90A69D43F</string>
				<key>isa</key>
				<string>PBXBuildFile</string>
			</dict>
			<key>799A5A17557413E90A69D43F</key>
			<dict>
				<key>explicitFileType</key>
				<string>sourcecode.cpp.cpp</string>
				<key>fileEncoding</key>
				<string>4</string>
				<key>isa</key>
				<string>PBXFileReference</string>
				<key>name</key>
				<string>libs\oscpack\src\ip\IpEndpointName.cpp</string>
				<key>path</key>
				<string>../../OpenFrameworks/addons\ofxOsc/libs\oscpack\src\ip\IpEndpointName.cpp</string>
				<key>sourceTree</key>
				<string>SOURCE_ROOT</string>
			</dict>
			<key>8EAB85C0D25A3D28B29DAA79</key>
			<dict>
				<key>explicitFileType</key>
				<string>sourcecode.c.h</string>
				<key>fileEncoding</key>
				<string>4</string>
				<key>isa</key>
				<string>PBXFileReference</string>
				<key>name</key>
				<string>src\ofxOscSender.h</string>
				<key>path</key>
				<string>../../OpenFrameworks/addons\ofxOsc/src\ofxOscSender.h</string>
				<key>sourceTree</key>
				<string>SOURCE_ROOT</string>
			</dict>
			<key>D6D687FA507DA896A5355EB1</key>
			<dict>
				<key>fileRef</key>
				<string>63E04318EC5816187C687E14</string>
				<key>isa</key>
				<string>PBXBuildFile</string>
			</dict>
			<key>63E04318EC5816187C687E14</key>
			<dict>
				<key>explicitFileType</key>
				<string>sourcecode.cpp.cpp</string>
				<key>fileEncoding</key>
				<string>4</string>
				<key>isa</key>
				<string>PBXFileReference</string>
				<key>name</key>
				<string>src\ofxOscSender.cpp</string>
				<key>path</key>
				<string>../../OpenFrameworks/addons\ofxOsc/src\ofxOscSender.cpp</string>
				<key>sourceTree</key>
				<string>SOURCE_ROOT</string>
			</dict>
			<key>4626B2D9C3DEFDF6E24DCB53</key>
			<dict>
				<key>explicitFileType</key>
				<string>sourcecode.c.h</string>
				<key>fileEncoding</key>
				<string>4</string>
				<key>isa</key>
				<string>PBXFileReference</string>
				<key>name</key>
				<string>src\ofxOscReceiver.h</string>
				<key>path</key>
				<string>../../OpenFrameworks/addons\ofxOsc/src\ofxOscReceiver.h</string>
				<key>sourceTree</key>
				<string>SOURCE_ROOT</string>
			</dict>
			<key>F5DB689246739C0C39F4024C</key>
			<dict>
				<key>fileRef</key>
				<string>8BC23216CFFF0E520ABBAF31</string>
				<key>isa</key>
				<string>PBXBuildFile</string>
			</dict>
			<key>8BC23216CFFF0E520ABBAF31</key>
			<dict>
				<key>explicitFileType</key>
				<string>sourcecode.cpp.cpp</string>
				<key>fileEncoding</key>
				<string>4</string>
				<key>isa</key>
				<string>PBXFileReference</string>
				<key>name</key>
				<string>src\ofxOscReceiver.cpp</string>
				<key>path</key>
				<string>../../OpenFrameworks/addons\ofxOsc/src\ofxOscReceiver.cpp</string>
				<key>sourceTree</key>
				<string>SOURCE_ROOT</string>
			</dict>
			<key>19894AFCF8811260B300C0C7</key>
			<dict>
				<key>explicitFileType</key>
				<string>sourcecode.c.h</string>
				<key>fileEncoding</key>
				<string>4</string>
				<key>isa</key>
				<string>PBXFileReference</string>
				<key>name</key>
				<string>src\ofxOscParameterSync.h</string>
				<key>path</key>
				<string>../../OpenFrameworks/addons\ofxOsc/src\ofxOscParameterSync.h</string>
				<key>sourceTree</key>
				<string>SOURCE_ROOT</string>
			</dict>
			<key>192BA4C4F6567125C05E6B7F</key>
			<dict>
				<key>fileRef</key>
				<string>97C02A2CF736E189348EC6C5</string>
				<key>isa</key>
				<string>PBXBuildFile</string>
			</dict>
			<key>97C02A2CF736E189348EC6C5</key>
			<dict>
				<key>explicitFileType</key>
				<string>sourcecode.cpp.cpp</string>
				<key>fileEncoding</key>
				<string>4</string>
				<key>isa</key>
				<string>PBXFileReference</string>
				<key>name</key>
				<string>src\ofxOscParameterSync.cpp</string>
				<key>path</key>
				<string>../../OpenFrameworks/addons\ofxOsc/src\ofxOscParameterSync.cpp</string>
				<key>sourceTree</key>
				<string>SOURCE_ROOT</string>
			</dict>
			<key>B4350C341A6E1C44474A390F</key>
			<dict>
				<key>explicitFileType</key>
				<string>sourcecode.c.h</string>
				<key>fileEncoding</key>
				<string>4</string>
				<key>isa</key>
				<string>PBXFileReference</string>
				<key>name</key>
				<string>src\ofxOscMessage.h</string>
				<key>path</key>
				<string>../../OpenFrameworks/addons\ofxOsc/src\ofxOscMessage.h</string>
				<key>sourceTree</key>
				<string>SOURCE_ROOT</string>
			</dict>
			<key>69BABD223A3C860EAA7BF97F</key>
			<dict>
				<key>fileRef</key>
				<string>53D284A8FFBED80B32C98C80</string>
				<key>isa</key>
				<string>PBXBuildFile</string>
			</dict>
			<key>53D284A8FFBED80B32C98C80</key>
			<dict>
				<key>explicitFileType</key>
				<string>sourcecode.cpp.cpp</string>
				<key>fileEncoding</key>
				<string>4</string>
				<key>isa</key>
				<string>PBXFileReference</string>
				<key>name</key>
				<string>src\ofxOscMessage.cpp</string>
				<key>path</key>
				<string>../../OpenFrameworks/addons\ofxOsc/src\ofxOscMessage.cpp</string>
				<key>sourceTree</key>
				<string>SOURCE_ROOT</string>
			</dict>
			<key>0B3CCF869CDDB8D19FE10A76</key>
			<dict>
				<key>explicitFileType</key>
				<string>sourcecode.c.h</string>
				<key>fileEncoding</key>
				<string>4</string>
				<key>isa</key>
				<string>PBXFileReference</string>
				<key>name</key>
				<string>src\ofxOscBundle.h</string>
				<key>path</key>
				<string>../../OpenFrameworks/addons\ofxOsc/src\ofxOscBundle.h</string>
				<key>sourceTree</key>
				<string>SOURCE_ROOT</string>
			</dict>
			<key>1269115996619C871A75CF17</key>
			<dict>
				<key>fileRef</key>
				<string>70622B5A4397941D9E97BB15</string>
				<key>isa</key>
				<string>PBXBuildFile</string>
			</dict>
			<key>70622B5A4397941D9E97BB15</key>
			<dict>
				<key>explicitFileType</key>
				<string>sourcecode.cpp.cpp</string>
				<key>fileEncoding</key>
				<string>4</string>
				<key>isa</key>
				<string>PBXFileReference</string>
				<key>name</key>
				<string>src\ofxOscBundle.cpp</string>
				<key>path</key>
				<string>../../OpenFrameworks/addons\ofxOsc/src\ofxOscBundle.cpp</string>
				<key>sourceTree</key>
				<string>SOURCE_ROOT</string>
			</dict>
			<key>F393AC049731EA600F09768F</key>
			<dict>
				<key>explicitFileType</key>
				<string>sourcecode.c.h</string>
				<key>fileEncoding</key>
				<string>4</string>
				<key>isa</key>
				<string>PBXFileReference</string>
				<key>name</key>
				<string>src\ofxOscArg.h</string>
				<key>path</key>
				<string>../../OpenFrameworks/addons\ofxOsc/src\ofxOscArg.h</string>
				<key>sourceTree</key>
				<string>SOURCE_ROOT</string>
			</dict>
			<key>42ECC4429C1BA4AD1CA4154B</key>
			<dict>
				<key>explicitFileType</key>
				<string>sourcecode.c.h</string>
				<key>fileEncoding</key>
				<string>4</string>
				<key>isa</key>
				<string>PBXFileReference</string>
				<key>name</key>
				<string>src\ofxOsc.h</string>
				<key>path</key>
				<string>../../OpenFrameworks/addons\ofxOsc/src\ofxOsc.h</string>
				<key>sourceTree</key>
				<string>SOURCE_ROOT</string>
			</dict>
			<key>C5318E5F59AB3E5B76827F50</key>
			<dict>
				<key>explicitFileType</key>
				<string>sourcecode.c.h</string>
				<key>fileEncoding</key>
				<string>4</string>
				<key>isa</key>
				<string>PBXFileReference</string>
				<key>name</key>
				<string>src\ofApp.h</string>
				<key>path</key>
				<string>src\ofApp.h</string>
				<key>sourceTree</key>
				<string>SOURCE_ROOT</string>
			</dict>
			<key>A69E3BC437534E0A424AEA6A</key>
			<dict>
				<key>fileRef</key>
				<string>F4EC735D3A6B6E781BEDB7D1</string>
				<key>isa</key>
				<string>PBXBuildFile</string>
			</dict>
			<key>F4EC735D3A6B6E781BEDB7D1</key>
			<dict>
				<key>explicitFileType</key>
				<string>sourcecode.cpp.cpp</string>
				<key>fileEncoding</key>
				<string>4</string>
				<key>isa</key>
				<string>PBXFileReference</string>
				<key>name</key>
				<string>src\ofApp.cpp</string>
				<key>path</key>
				<string>src\ofApp.cpp</string>
				<key>sourceTree</key>
				<string>SOURCE_ROOT</string>
			</dict>
			<key>B2AD926770259F4C697118FD</key>
			<dict>
				<key>fileRef</key>
				<string>0BC8C4FE0158A18092F89F8E</string>
				<key>isa</key>
				<string>PBXBuildFile</string>
			</dict>
			<key>0BC8C4FE0158A18092F89F8E</key>
			<dict>
				<key>explicitFileType</key>
				<string>sourcecode.cpp.cpp</string>
				<key>fileEncoding</key>
				<string>4</string>
				<key>isa</key>
				<string>PBXFileReference</string>
				<key>name</key>
				<string>src\main.cpp</string>
				<key>path</key>
				<string>src\main.cpp</string>
				<key>sourceTree</key>
				<string>SOURCE_ROOT</string>
			</dict>
			<key>6948EE371B920CB800B5AC1A</key>
			<dict>
				<key>children</key>
				<array />
				<key>isa</key>
				<string>PBXGroup</string>
				<key>name</key>
				<string>local_addons</string>
				<key>sourceTree</key>
				<string>&lt;group&gt;</string>
			</dict>
			<key>8466F1851C04CA0E00918B1C</key>
			<dict>
				<key>buildActionMask</key>
				<string>12</string>
				<key>files</key>
				<array />
				<key>inputPaths</key>
				<array />
				<key>isa</key>
				<string>PBXShellScriptBuildPhase</string>
				<key>outputPaths</key>
				<array />
				<key>runOnlyForDeploymentPostprocessing</key>
				<string>0</string>
				<key>shellPath</key>
				<string>/bin/sh</string>
				<key>shellScript</key>
				<string>echo "$GCC_PREPROCESSOR_DEFINITIONS";
APPSTORE=`expr "$GCC_PREPROCESSOR_DEFINITIONS" : ".*APPSTORE=\([0-9]*\)"`
if [ -z "$APPSTORE" ] ; then
echo "Note: Not copying bin/data to App Package or doing App Code signing. Use AppStore target for AppStore distribution";
else
# Copy bin/data into App/Resources
rsync -avz --exclude='.DS_Store' "${SRCROOT}/bin/data/" "${TARGET_BUILD_DIR}/${UNLOCALIZED_RESOURCES_FOLDER_PATH}/data/"

# ---- Code Sign App Package ----

# WARNING: You may have to run Clean in Xcode after changing CODE_SIGN_IDENTITY!

# Verify that $CODE_SIGN_IDENTITY is set
if [ -z "${CODE_SIGN_IDENTITY}" ] ; then
echo "CODE_SIGN_IDENTITY needs to be set for framework code-signing"
exit 0
fi

if [ -z "${CODE_SIGN_ENTITLEMENTS}" ] ; then
echo "CODE_SIGN_ENTITLEMENTS needs to be set for framework code-signing!"

if [ "${CONFIGURATION}" = "Release" ] ; then
exit 1
else
# Code-signing is optional for non-release builds.
exit 0
fi
fi

ITEMS=""

FRAMEWORKS_DIR="${TARGET_BUILD_DIR}/${FRAMEWORKS_FOLDER_PATH}"
echo "$FRAMEWORKS_DIR"
if [ -d "$FRAMEWORKS_DIR" ] ; then
FRAMEWORKS=$(find "${FRAMEWORKS_DIR}" -depth -type d -name "*.framework" -or -name "*.dylib" -or -name "*.bundle" | sed -e "s/\(.*framework\)/\1\/Versions\/A\//")
RESULT=$?
if [[ $RESULT != 0 ]] ; then
exit 1
fi

ITEMS="${FRAMEWORKS}"
fi

LOGINITEMS_DIR="${TARGET_BUILD_DIR}/${CONTENTS_FOLDER_PATH}/Library/LoginItems/"
if [ -d "$LOGINITEMS_DIR" ] ; then
LOGINITEMS=$(find "${LOGINITEMS_DIR}" -depth -type d -name "*.app")
RESULT=$?
if [[ $RESULT != 0 ]] ; then
exit 1
fi

ITEMS="${ITEMS}"$'\n'"${LOGINITEMS}"
fi

# Prefer the expanded name, if available.
CODE_SIGN_IDENTITY_FOR_ITEMS="${EXPANDED_CODE_SIGN_IDENTITY_NAME}"
if [ "${CODE_SIGN_IDENTITY_FOR_ITEMS}" = "" ] ; then
# Fall back to old behavior.
CODE_SIGN_IDENTITY_FOR_ITEMS="${CODE_SIGN_IDENTITY}"
fi

echo "Identity:"
echo "${CODE_SIGN_IDENTITY_FOR_ITEMS}"

echo "Entitlements:"
echo "${CODE_SIGN_ENTITLEMENTS}"

echo "Found:"
echo "${ITEMS}"

# Change the Internal Field Separator (IFS) so that spaces in paths will not cause problems below.
SAVED_IFS=$IFS
IFS=$(echo -en "\n\b")

# Loop through all items.
for ITEM in $ITEMS;
do
echo "Signing '${ITEM}'"
codesign --force --verbose --sign "${CODE_SIGN_IDENTITY_FOR_ITEMS}" --entitlements "${CODE_SIGN_ENTITLEMENTS}" "${ITEM}"
RESULT=$?
if [[ $RESULT != 0 ]] ; then
echo "Failed to sign '${ITEM}'."
IFS=$SAVED_IFS
exit 1
fi
done

# Restore $IFS.
IFS=$SAVED_IFS

fi
</string>
			</dict>
			<key>99FA3DBB1C7456C400CFA0EE</key>
			<dict>
				<key>baseConfigurationReference</key>
				<string>E4EB6923138AFD0F00A09F29</string>
				<key>buildSettings</key>
				<dict>
					<key>GCC_PREPROCESSOR_DEFINITIONS</key>
					<array>
						<string>USE_OFX_HISTORYPLOT</string>
						<string>USE_OFX_FONTSTASH</string>
					</array>
					<key>OTHER_CFLAGS</key>
					<array>
						<string>-DNO_RUI_WEBSOCKETS</string>
						<string>-DNO_RUI_WEBSERVER</string>
					</array>
					<key>OTHER_LDFLAGS</key>
					<array>
						<string>$(OF_CORE_FRAMEWORKS) $(OF_CORE_LIBS)</string>
						<string>..\..\OpenFrameworks\addons/ofxPoco\libs/poco/lib/osx/PocoNetSSL.a</string>
						<string>..\..\OpenFrameworks\addons/ofxPoco\libs/poco/lib/osx/PocoNet.a</string>
						<string>..\..\OpenFrameworks\addons/ofxPoco\libs/poco/lib/osx/PocoCrypto.a</string>
						<string>..\..\OpenFrameworks\addons/ofxPoco\libs/poco/lib/osx/PocoUtil.a</string>
						<string>..\..\OpenFrameworks\addons/ofxPoco\libs/poco/lib/osx/PocoJSON.a</string>
						<string>..\..\OpenFrameworks\addons/ofxPoco\libs/poco/lib/osx/PocoXML.a</string>
						<string>..\..\OpenFrameworks\addons/ofxPoco\libs/poco/lib/osx/PocoFoundation.a</string>
						<string>..\..\OpenFrameworks\addons/ofxPoco\libs/openssl/lib/osx/crypto.a</string>
						<string>..\..\OpenFrameworks\addons/ofxPoco\libs/openssl/lib/osx/ssl.a</string>
					</array>
					<key>HEADER_SEARCH_PATHS</key>
					<array>
						<string>$(OF_CORE_HEADERS)</string>
						<string>src</string>
						<string>../../OpenFrameworks/addons\ofxOsc/libs</string>
						<string>../../OpenFrameworks/addons\ofxOsc/libs\oscpack</string>
						<string>../../OpenFrameworks/addons\ofxOsc/libs\oscpack\src</string>
						<string>../../OpenFrameworks/addons\ofxOsc/libs\oscpack\src\ip</string>
						<string>../../OpenFrameworks/addons\ofxOsc/libs\oscpack\src\ip\posix</string>
						<string>../../OpenFrameworks/addons\ofxOsc/libs\oscpack\src\ip\win32</string>
						<string>../../OpenFrameworks/addons\ofxOsc/libs\oscpack\src\osc</string>
						<string>../../OpenFrameworks/addons\ofxOsc/src</string>
						<string>..\..\OpenFrameworks\addons/ofxPoco\libs/poco/include</string>
						<string>..\..\OpenFrameworks\addons/ofxPoco\src</string>
						<string>..\..\OpenFrameworks\addons/ofxPoco\libs/openssl/include</string>
						<string>../../OpenFrameworks/addons\ofxXmlSettings/libs</string>
						<string>../../OpenFrameworks/addons\ofxXmlSettings/src</string>
						<string>../../ExternalAddons/ofxTimeMeasurements/src</string>
						<string>../../ExternalAddons/ofxRemoteUI/src</string>
						<string>../../ExternalAddons/ofxHistoryPlot/src</string>
						<string>../../ExternalAddons/ofxAnimatable/src</string>
						<string>../../ExternalAddons/ofxFontStash/libs</string>
						<string>../../ExternalAddons/ofxFontStash/libs\fontstash</string>
						<string>../../ExternalAddons/ofxFontStash/libs\fontstash\src</string>
						<string>../../ExternalAddons/ofxFontStash/src</string>
						<string>../../ExternalAddons/ofxFontStash\libs/fontstash/src</string>
						<string>../../ExternalAddons/ofxScreenSetup/src</string>
					</array>
					<key>CONFIGURATION_BUILD_DIR</key>
					<string>$(SRCROOT)/bin/</string>
					<key>COPY_PHASE_STRIP</key>
					<string>YES</string>
					<key>DEAD_CODE_STRIPPING</key>
					<string>YES</string>
					<key>GCC_AUTO_VECTORIZATION</key>
					<string>YES</string>
					<key>GCC_ENABLE_SSE3_EXTENSIONS</key>
					<string>YES</string>
					<key>GCC_ENABLE_SUPPLEMENTAL_SSE3_INSTRUCTIONS</key>
					<string>YES</string>
					<key>GCC_INLINES_ARE_PRIVATE_EXTERN</key>
					<string>NO</string>
					<key>GCC_OPTIMIZATION_LEVEL</key>
					<string>3</string>
					<key>GCC_PREPROCESSOR_DEFINITIONS[arch=*]</key>
					<string>DISTRIBUTION=1</string>
					<key>GCC_SYMBOLS_PRIVATE_EXTERN</key>
					<string>NO</string>
					<key>GCC_UNROLL_LOOPS</key>
					<string>YES</string>
					<key>GCC_WARN_ABOUT_DEPRECATED_FUNCTIONS</key>
					<string>YES</string>
					<key>GCC_WARN_ABOUT_INVALID_OFFSETOF_MACRO</key>
					<string>NO</string>
					<key>GCC_WARN_ALLOW_INCOMPLETE_PROTOCOL</key>
					<string>NO</string>
					<key>GCC_WARN_UNINITIALIZED_AUTOS</key>
					<string>NO</string>
					<key>GCC_WARN_UNUSED_VALUE</key>
					<string>NO</string>
					<key>GCC_WARN_UNUSED_VARIABLE</key>
					<string>NO</string>
					<key>MACOSX_DEPLOYMENT_TARGET</key>
					<string>10.9</string>
					<key>OTHER_CPLUSPLUSFLAGS</key>
					<array>
						<string>-D__MACOSX_CORE__</string>
						<string>-mtune=native</string>
					</array>
					<key>SDKROOT</key>
					<string>macosx</string>
				</dict>
				<key>isa</key>
				<string>XCBuildConfiguration</string>
				<key>name</key>
				<string>AppStore</string>
			</dict>
			<key>99FA3DBC1C7456C400CFA0EE</key>
			<dict>
				<key>baseConfigurationReference</key>
				<string>E4EB6923138AFD0F00A09F29</string>
				<key>buildSettings</key>
				<dict>
					<key>GCC_PREPROCESSOR_DEFINITIONS</key>
					<array>
						<string>USE_OFX_HISTORYPLOT</string>
						<string>USE_OFX_FONTSTASH</string>
					</array>
					<key>OTHER_CFLAGS</key>
					<array>
						<string>-DNO_RUI_WEBSOCKETS</string>
						<string>-DNO_RUI_WEBSERVER</string>
					</array>
					<key>OTHER_LDFLAGS</key>
					<array>
						<string>$(OF_CORE_FRAMEWORKS) $(OF_CORE_LIBS)</string>
						<string>..\..\OpenFrameworks\addons/ofxPoco\libs/poco/lib/osx/PocoNetSSL.a</string>
						<string>..\..\OpenFrameworks\addons/ofxPoco\libs/poco/lib/osx/PocoNet.a</string>
						<string>..\..\OpenFrameworks\addons/ofxPoco\libs/poco/lib/osx/PocoCrypto.a</string>
						<string>..\..\OpenFrameworks\addons/ofxPoco\libs/poco/lib/osx/PocoUtil.a</string>
						<string>..\..\OpenFrameworks\addons/ofxPoco\libs/poco/lib/osx/PocoJSON.a</string>
						<string>..\..\OpenFrameworks\addons/ofxPoco\libs/poco/lib/osx/PocoXML.a</string>
						<string>..\..\OpenFrameworks\addons/ofxPoco\libs/poco/lib/osx/PocoFoundation.a</string>
						<string>..\..\OpenFrameworks\addons/ofxPoco\libs/openssl/lib/osx/crypto.a</string>
						<string>..\..\OpenFrameworks\addons/ofxPoco\libs/openssl/lib/osx/ssl.a</string>
					</array>
					<key>HEADER_SEARCH_PATHS</key>
					<array>
						<string>$(OF_CORE_HEADERS)</string>
						<string>src</string>
						<string>../../OpenFrameworks/addons\ofxOsc/libs</string>
						<string>../../OpenFrameworks/addons\ofxOsc/libs\oscpack</string>
						<string>../../OpenFrameworks/addons\ofxOsc/libs\oscpack\src</string>
						<string>../../OpenFrameworks/addons\ofxOsc/libs\oscpack\src\ip</string>
						<string>../../OpenFrameworks/addons\ofxOsc/libs\oscpack\src\ip\posix</string>
						<string>../../OpenFrameworks/addons\ofxOsc/libs\oscpack\src\ip\win32</string>
						<string>../../OpenFrameworks/addons\ofxOsc/libs\oscpack\src\osc</string>
						<string>../../OpenFrameworks/addons\ofxOsc/src</string>
						<string>..\..\OpenFrameworks\addons/ofxPoco\libs/poco/include</string>
						<string>..\..\OpenFrameworks\addons/ofxPoco\src</string>
						<string>..\..\OpenFrameworks\addons/ofxPoco\libs/openssl/include</string>
						<string>../../OpenFrameworks/addons\ofxXmlSettings/libs</string>
						<string>../../OpenFrameworks/addons\ofxXmlSettings/src</string>
						<string>../../ExternalAddons/ofxTimeMeasurements/src</string>
						<string>../../ExternalAddons/ofxRemoteUI/src</string>
						<string>../../ExternalAddons/ofxHistoryPlot/src</string>
						<string>../../ExternalAddons/ofxAnimatable/src</string>
						<string>../../ExternalAddons/ofxFontStash/libs</string>
						<string>../../ExternalAddons/ofxFontStash/libs\fontstash</string>
						<string>../../ExternalAddons/ofxFontStash/libs\fontstash\src</string>
						<string>../../ExternalAddons/ofxFontStash/src</string>
						<string>../../ExternalAddons/ofxFontStash\libs/fontstash/src</string>
						<string>../../ExternalAddons/ofxScreenSetup/src</string>
					</array>
					<key>COMBINE_HIDPI_IMAGES</key>
					<string>YES</string>
					<key>COPY_PHASE_STRIP</key>
					<string>YES</string>
					<key>FRAMEWORK_SEARCH_PATHS</key>
					<string>$(inherited)</string>
					<key>GCC_GENERATE_DEBUGGING_SYMBOLS</key>
					<string>YES</string>
					<key>GCC_MODEL_TUNING</key>
					<string>NONE</string>
					<key>GCC_PREPROCESSOR_DEFINITIONS[arch=*]</key>
					<string>APPSTORE=1</string>
					<key>ICON</key>
					<string>$(ICON_NAME_RELEASE)</string>
					<key>ICON_FILE</key>
					<string>$(ICON_FILE_PATH)$(ICON)</string>
					<key>INFOPLIST_FILE</key>
					<string>openFrameworks-Info.plist</string>
					<key>INSTALL_PATH</key>
					<string>/Applications</string>
					<key>LIBRARY_SEARCH_PATHS</key>
					<string>$(inherited)</string>
					<key>PRODUCT_NAME</key>
					<string>$(TARGET_NAME)</string>
					<key>WRAPPER_EXTENSION</key>
					<string>app</string>
					<key>baseConfigurationReference</key>
					<string>E4EB6923138AFD0F00A09F29</string>
				</dict>
				<key>isa</key>
				<string>XCBuildConfiguration</string>
				<key>name</key>
				<string>AppStore</string>
			</dict>
			<key>BB4B014C10F69532006C3DED</key>
			<dict>
				<key>children</key>
				<array />
				<key>isa</key>
				<string>PBXGroup</string>
				<key>name</key>
				<string>addons</string>
				<key>sourceTree</key>
				<string>&lt;group&gt;</string>
			</dict>
			<key>E4328143138ABC890047C5CB</key>
			<dict>
				<key>isa</key>
				<string>PBXFileReference</string>
				<key>lastKnownFileType</key>
				<string>wrapper.pb-project</string>
				<key>name</key>
				<string>openFrameworksLib.xcodeproj</string>
				<key>path</key>
				<string>../../OpenFrameworks/libs/openFrameworksCompiled/project/osx/openFrameworksLib.xcodeproj</string>
				<key>sourceTree</key>
				<string>SOURCE_ROOT</string>
			</dict>
			<key>E4328144138ABC890047C5CB</key>
			<dict>
				<key>children</key>
				<array>
					<string>E4328148138ABC890047C5CB</string>
				</array>
				<key>isa</key>
				<string>PBXGroup</string>
				<key>name</key>
				<string>Products</string>
				<key>sourceTree</key>
				<string>&lt;group&gt;</string>
			</dict>
			<key>E4328147138ABC890047C5CB</key>
			<dict>
				<key>containerPortal</key>
				<string>E4328143138ABC890047C5CB</string>
				<key>isa</key>
				<string>PBXContainerItemProxy</string>
				<key>proxyType</key>
				<string>2</string>
				<key>remoteGlobalIDString</key>
				<string>E4B27C1510CBEB8E00536013</string>
				<key>remoteInfo</key>
				<string>openFrameworks</string>
			</dict>
			<key>E4328148138ABC890047C5CB</key>
			<dict>
				<key>fileType</key>
				<string>archive.ar</string>
				<key>isa</key>
				<string>PBXReferenceProxy</string>
				<key>path</key>
				<string>openFrameworksDebug.a</string>
				<key>remoteRef</key>
				<string>E4328147138ABC890047C5CB</string>
				<key>sourceTree</key>
				<string>BUILT_PRODUCTS_DIR</string>
			</dict>
			<key>E4328149138ABC9F0047C5CB</key>
			<dict>
				<key>fileRef</key>
				<string>E4328148138ABC890047C5CB</string>
				<key>isa</key>
				<string>PBXBuildFile</string>
			</dict>
			<key>E4B69B4A0A3A1720003C02F2</key>
			<dict>
				<key>children</key>
				<array>
					<string>E4B6FCAD0C3E899E008CF71C</string>
					<string>E4EB6923138AFD0F00A09F29</string>
					<string>E4B69E1C0A3A1BDC003C02F2</string>
					<string>E4EEC9E9138DF44700A80321</string>
					<string>BB4B014C10F69532006C3DED</string>
					<string>6948EE371B920CB800B5AC1A</string>
					<string>E4B69B5B0A3A1756003C02F2</string>
				</array>
				<key>isa</key>
				<string>PBXGroup</string>
				<key>sourceTree</key>
				<string>&lt;group&gt;</string>
			</dict>
			<key>E4B69B4C0A3A1720003C02F2</key>
			<dict>
				<key>attributes</key>
				<dict>
					<key>LastUpgradeCheck</key>
					<string>0600</string>
				</dict>
				<key>buildConfigurationList</key>
				<string>E4B69B4D0A3A1720003C02F2</string>
				<key>compatibilityVersion</key>
				<string>Xcode 3.2</string>
				<key>developmentRegion</key>
				<string>English</string>
				<key>hasScannedForEncodings</key>
				<string>0</string>
				<key>isa</key>
				<string>PBXProject</string>
				<key>knownRegions</key>
				<array>
					<string>English</string>
					<string>Japanese</string>
					<string>French</string>
					<string>German</string>
				</array>
				<key>mainGroup</key>
				<string>E4B69B4A0A3A1720003C02F2</string>
				<key>productRefGroup</key>
				<string>E4B69B4A0A3A1720003C02F2</string>
				<key>projectDirPath</key>
				<string />
				<key>projectReferences</key>
				<array>
					<dict>
						<key>ProductGroup</key>
						<string>E4328144138ABC890047C5CB</string>
						<key>ProjectRef</key>
						<string>E4328143138ABC890047C5CB</string>
					</dict>
				</array>
				<key>projectRoot</key>
				<string />
				<key>targets</key>
				<array>
					<string>E4B69B5A0A3A1756003C02F2</string>
				</array>
			</dict>
			<key>E4B69B4D0A3A1720003C02F2</key>
			<dict>
				<key>buildConfigurations</key>
				<array>
					<string>E4B69B4E0A3A1720003C02F2</string>
					<string>E4B69B4F0A3A1720003C02F2</string>
					<string>99FA3DBB1C7456C400CFA0EE</string>
				</array>
				<key>defaultConfigurationIsVisible</key>
				<string>0</string>
				<key>defaultConfigurationName</key>
				<string>Release</string>
				<key>isa</key>
				<string>XCConfigurationList</string>
			</dict>
			<key>E4B69B4E0A3A1720003C02F2</key>
			<dict>
				<key>baseConfigurationReference</key>
				<string>E4EB6923138AFD0F00A09F29</string>
				<key>buildSettings</key>
				<dict>
					<key>GCC_PREPROCESSOR_DEFINITIONS</key>
					<array>
						<string>USE_OFX_HISTORYPLOT</string>
						<string>USE_OFX_FONTSTASH</string>
					</array>
					<key>OTHER_CFLAGS</key>
					<array>
						<string>-DNO_RUI_WEBSOCKETS</string>
						<string>-DNO_RUI_WEBSERVER</string>
					</array>
					<key>OTHER_LDFLAGS</key>
					<array>
						<string>$(OF_CORE_FRAMEWORKS) $(OF_CORE_LIBS)</string>
						<string>..\..\OpenFrameworks\addons/ofxPoco\libs/poco/lib/osx/PocoNetSSL.a</string>
						<string>..\..\OpenFrameworks\addons/ofxPoco\libs/poco/lib/osx/PocoNet.a</string>
						<string>..\..\OpenFrameworks\addons/ofxPoco\libs/poco/lib/osx/PocoCrypto.a</string>
						<string>..\..\OpenFrameworks\addons/ofxPoco\libs/poco/lib/osx/PocoUtil.a</string>
						<string>..\..\OpenFrameworks\addons/ofxPoco\libs/poco/lib/osx/PocoJSON.a</string>
						<string>..\..\OpenFrameworks\addons/ofxPoco\libs/poco/lib/osx/PocoXML.a</string>
						<string>..\..\OpenFrameworks\addons/ofxPoco\libs/poco/lib/osx/PocoFoundation.a</string>
						<string>..\..\OpenFrameworks\addons/ofxPoco\libs/openssl/lib/osx/crypto.a</string>
						<string>..\..\OpenFrameworks\addons/ofxPoco\libs/openssl/lib/osx/ssl.a</string>
					</array>
					<key>HEADER_SEARCH_PATHS</key>
					<array>
						<string>$(OF_CORE_HEADERS)</string>
						<string>src</string>
						<string>../../OpenFrameworks/addons\ofxOsc/libs</string>
						<string>../../OpenFrameworks/addons\ofxOsc/libs\oscpack</string>
						<string>../../OpenFrameworks/addons\ofxOsc/libs\oscpack\src</string>
						<string>../../OpenFrameworks/addons\ofxOsc/libs\oscpack\src\ip</string>
						<string>../../OpenFrameworks/addons\ofxOsc/libs\oscpack\src\ip\posix</string>
						<string>../../OpenFrameworks/addons\ofxOsc/libs\oscpack\src\ip\win32</string>
						<string>../../OpenFrameworks/addons\ofxOsc/libs\oscpack\src\osc</string>
						<string>../../OpenFrameworks/addons\ofxOsc/src</string>
						<string>..\..\OpenFrameworks\addons/ofxPoco\libs/poco/include</string>
						<string>..\..\OpenFrameworks\addons/ofxPoco\src</string>
						<string>..\..\OpenFrameworks\addons/ofxPoco\libs/openssl/include</string>
						<string>../../OpenFrameworks/addons\ofxXmlSettings/libs</string>
						<string>../../OpenFrameworks/addons\ofxXmlSettings/src</string>
						<string>../../ExternalAddons/ofxTimeMeasurements/src</string>
						<string>../../ExternalAddons/ofxRemoteUI/src</string>
						<string>../../ExternalAddons/ofxHistoryPlot/src</string>
						<string>../../ExternalAddons/ofxAnimatable/src</string>
						<string>../../ExternalAddons/ofxFontStash/libs</string>
						<string>../../ExternalAddons/ofxFontStash/libs\fontstash</string>
						<string>../../ExternalAddons/ofxFontStash/libs\fontstash\src</string>
						<string>../../ExternalAddons/ofxFontStash/src</string>
						<string>../../ExternalAddons/ofxFontStash\libs/fontstash/src</string>
						<string>../../ExternalAddons/ofxScreenSetup/src</string>
					</array>
					<key>CONFIGURATION_BUILD_DIR</key>
					<string>$(SRCROOT)/bin/</string>
					<key>COPY_PHASE_STRIP</key>
					<string>NO</string>
					<key>DEAD_CODE_STRIPPING</key>
					<string>YES</string>
					<key>GCC_AUTO_VECTORIZATION</key>
					<string>YES</string>
					<key>GCC_ENABLE_SSE3_EXTENSIONS</key>
					<string>YES</string>
					<key>GCC_ENABLE_SUPPLEMENTAL_SSE3_INSTRUCTIONS</key>
					<string>YES</string>
					<key>GCC_INLINES_ARE_PRIVATE_EXTERN</key>
					<string>NO</string>
					<key>GCC_OPTIMIZATION_LEVEL</key>
					<string>0</string>
					<key>GCC_SYMBOLS_PRIVATE_EXTERN</key>
					<string>NO</string>
					<key>GCC_WARN_ABOUT_DEPRECATED_FUNCTIONS</key>
					<string>YES</string>
					<key>GCC_WARN_ABOUT_INVALID_OFFSETOF_MACRO</key>
					<string>NO</string>
					<key>GCC_WARN_ALLOW_INCOMPLETE_PROTOCOL</key>
					<string>NO</string>
					<key>GCC_WARN_UNINITIALIZED_AUTOS</key>
					<string>NO</string>
					<key>GCC_WARN_UNUSED_VALUE</key>
					<string>NO</string>
					<key>GCC_WARN_UNUSED_VARIABLE</key>
					<string>NO</string>
					<key>MACOSX_DEPLOYMENT_TARGET</key>
					<string>10.9</string>
					<key>ONLY_ACTIVE_ARCH</key>
					<string>YES</string>
					<key>OTHER_CPLUSPLUSFLAGS</key>
					<array>
						<string>-D__MACOSX_CORE__</string>
						<string>-mtune=native</string>
					</array>
					<key>SDKROOT</key>
					<string>macosx</string>
				</dict>
				<key>isa</key>
				<string>XCBuildConfiguration</string>
				<key>name</key>
				<string>Debug</string>
			</dict>
			<key>E4B69B4F0A3A1720003C02F2</key>
			<dict>
				<key>baseConfigurationReference</key>
				<string>E4EB6923138AFD0F00A09F29</string>
				<key>buildSettings</key>
				<dict>
					<key>GCC_PREPROCESSOR_DEFINITIONS</key>
					<array>
						<string>USE_OFX_HISTORYPLOT</string>
						<string>USE_OFX_FONTSTASH</string>
					</array>
					<key>OTHER_CFLAGS</key>
					<array>
						<string>-DNO_RUI_WEBSOCKETS</string>
						<string>-DNO_RUI_WEBSERVER</string>
					</array>
					<key>OTHER_LDFLAGS</key>
					<array>
						<string>$(OF_CORE_FRAMEWORKS) $(OF_CORE_LIBS)</string>
						<string>..\..\OpenFrameworks\addons/ofxPoco\libs/poco/lib/osx/PocoNetSSL.a</string>
						<string>..\..\OpenFrameworks\addons/ofxPoco\libs/poco/lib/osx/PocoNet.a</string>
						<string>..\..\OpenFrameworks\addons/ofxPoco\libs/poco/lib/osx/PocoCrypto.a</string>
						<string>..\..\OpenFrameworks\addons/ofxPoco\libs/poco/lib/osx/PocoUtil.a</string>
						<string>..\..\OpenFrameworks\addons/ofxPoco\libs/poco/lib/osx/PocoJSON.a</string>
						<string>..\..\OpenFrameworks\addons/ofxPoco\libs/poco/lib/osx/PocoXML.a</string>
						<string>..\..\OpenFrameworks\addons/ofxPoco\libs/poco/lib/osx/PocoFoundation.a</string>
						<string>..\..\OpenFrameworks\addons/ofxPoco\libs/openssl/lib/osx/crypto.a</string>
						<string>..\..\OpenFrameworks\addons/ofxPoco\libs/openssl/lib/osx/ssl.a</string>
					</array>
					<key>HEADER_SEARCH_PATHS</key>
					<array>
						<string>$(OF_CORE_HEADERS)</string>
						<string>src</string>
						<string>../../OpenFrameworks/addons\ofxOsc/libs</string>
						<string>../../OpenFrameworks/addons\ofxOsc/libs\oscpack</string>
						<string>../../OpenFrameworks/addons\ofxOsc/libs\oscpack\src</string>
						<string>../../OpenFrameworks/addons\ofxOsc/libs\oscpack\src\ip</string>
						<string>../../OpenFrameworks/addons\ofxOsc/libs\oscpack\src\ip\posix</string>
						<string>../../OpenFrameworks/addons\ofxOsc/libs\oscpack\src\ip\win32</string>
						<string>../../OpenFrameworks/addons\ofxOsc/libs\oscpack\src\osc</string>
						<string>../../OpenFrameworks/addons\ofxOsc/src</string>
						<string>..\..\OpenFrameworks\addons/ofxPoco\libs/poco/include</string>
						<string>..\..\OpenFrameworks\addons/ofxPoco\src</string>
						<string>..\..\OpenFrameworks\addons/ofxPoco\libs/openssl/include</string>
						<string>../../OpenFrameworks/addons\ofxXmlSettings/libs</string>
						<string>../../OpenFrameworks/addons\ofxXmlSettings/src</string>
						<string>../../ExternalAddons/ofxTimeMeasurements/src</string>
						<string>../../ExternalAddons/ofxRemoteUI/src</string>
						<string>../../ExternalAddons/ofxHistoryPlot/src</string>
						<string>../../ExternalAddons/ofxAnimatable/src</string>
						<string>../../ExternalAddons/ofxFontStash/libs</string>
						<string>../../ExternalAddons/ofxFontStash/libs\fontstash</string>
						<string>../../ExternalAddons/ofxFontStash/libs\fontstash\src</string>
						<string>../../ExternalAddons/ofxFontStash/src</string>
						<string>../../ExternalAddons/ofxFontStash\libs/fontstash/src</string>
						<string>../../ExternalAddons/ofxScreenSetup/src</string>
					</array>
					<key>CONFIGURATION_BUILD_DIR</key>
					<string>$(SRCROOT)/bin/</string>
					<key>COPY_PHASE_STRIP</key>
					<string>YES</string>
					<key>DEAD_CODE_STRIPPING</key>
					<string>YES</string>
					<key>GCC_AUTO_VECTORIZATION</key>
					<string>YES</string>
					<key>GCC_ENABLE_SSE3_EXTENSIONS</key>
					<string>YES</string>
					<key>GCC_ENABLE_SUPPLEMENTAL_SSE3_INSTRUCTIONS</key>
					<string>YES</string>
					<key>GCC_INLINES_ARE_PRIVATE_EXTERN</key>
					<string>NO</string>
					<key>GCC_OPTIMIZATION_LEVEL</key>
					<string>3</string>
					<key>GCC_SYMBOLS_PRIVATE_EXTERN</key>
					<string>NO</string>
					<key>GCC_UNROLL_LOOPS</key>
					<string>YES</string>
					<key>GCC_WARN_ABOUT_DEPRECATED_FUNCTIONS</key>
					<string>YES</string>
					<key>GCC_WARN_ABOUT_INVALID_OFFSETOF_MACRO</key>
					<string>NO</string>
					<key>GCC_WARN_ALLOW_INCOMPLETE_PROTOCOL</key>
					<string>NO</string>
					<key>GCC_WARN_UNINITIALIZED_AUTOS</key>
					<string>NO</string>
					<key>GCC_WARN_UNUSED_VALUE</key>
					<string>NO</string>
					<key>GCC_WARN_UNUSED_VARIABLE</key>
					<string>NO</string>
					<key>MACOSX_DEPLOYMENT_TARGET</key>
					<string>10.9</string>
					<key>OTHER_CPLUSPLUSFLAGS</key>
					<array>
						<string>-D__MACOSX_CORE__</string>
						<string>-mtune=native</string>
					</array>
					<key>SDKROOT</key>
					<string>macosx</string>
				</dict>
				<key>isa</key>
				<string>XCBuildConfiguration</string>
				<key>name</key>
				<string>Release</string>
			</dict>
			<key>E4B69B580A3A1756003C02F2</key>
			<dict>
				<key>buildActionMask</key>
				<string>2147483647</string>
				<key>files</key>
				<array>
					<string>E4B69E200A3A1BDC003C02F2</string>
					<string>E4B69E210A3A1BDC003C02F2</string>
					<string>B2AD926770259F4C697118FD</string>
					<string>A69E3BC437534E0A424AEA6A</string>
					<string>1269115996619C871A75CF17</string>
					<string>69BABD223A3C860EAA7BF97F</string>
					<string>192BA4C4F6567125C05E6B7F</string>
					<string>F5DB689246739C0C39F4024C</string>
					<string>D6D687FA507DA896A5355EB1</string>
					<string>9D21A0B994C59E58D3AFBB61</string>
					<string>9470FD7E6E9A2A84F9621B1E</string>
					<string>7E27B77CD91E21E74AB0C204</string>
					<string>41C31AA1B9AFC9AAACC00B16</string>
					<string>6D6FD9481B151CC3D76CB208</string>
					<string>C23A42A3F5B8A25FB37DF54D</string>
					<string>54E560FDC9CED25F7B60A080</string>
					<string>5ECB4E71A96066EC5A4FF1FC</string>
					<string>6E39DBC9FB1969960D609CAF</string>
					<string>3B4B8D89DEBC6DFB48917C91</string>
					<string>7956100615D79A349CB83FEA</string>
					<string>946BE8D340804A5C83C63EF4</string>
					<string>51A90B0A60BF4A8EDB001D57</string>
					<string>D4939793528441F209A758A6</string>
					<string>F1B22B5865DBD3722B3AF873</string>
					<string>18E91971AFED4BEEAC2CC3B3</string>
					<string>1193CC15A549349FC0F9B604</string>
					<string>85DF14B736C3345BBD53213F</string>
					<string>EDA7EB4C9221430A283B7A6A</string>
					<string>8280FCF8E9769BC11B703495</string>
					<string>AC27DD1F5087DF64D3840092</string>
					<string>1F1E34170B59C9320CCF7E74</string>
					<string>41B58CBFE28377597E1648EF</string>
					<string>01C8A30171D9A44CCA17B578</string>
					<string>93DE6E5E7CE2417C86D1F3F8</string>
					<string>CDF3CF04C7588078C5EC7C2B</string>
					<string>CB69264D31D114988652A3FB</string>
					<string>DA10626604B61DED275D2701</string>
					<string>81F29384297D6F0F5735EC95</string>
					<string>22218DB5F0E3F813437EB954</string>
					<string>B07AD110C948A57108F2DAD8</string>
				</array>
				<key>isa</key>
				<string>PBXSourcesBuildPhase</string>
				<key>runOnlyForDeploymentPostprocessing</key>
				<string>0</string>
			</dict>
			<key>E4B69B590A3A1756003C02F2</key>
			<dict>
				<key>buildActionMask</key>
				<string>2147483647</string>
				<key>files</key>
				<array>
					<string>E4328149138ABC9F0047C5CB</string>
				</array>
				<key>isa</key>
				<string>PBXFrameworksBuildPhase</string>
				<key>runOnlyForDeploymentPostprocessing</key>
				<string>0</string>
			</dict>
			<key>E4B69B5A0A3A1756003C02F2</key>
			<dict>
				<key>buildConfigurationList</key>
				<string>E4B69B5F0A3A1757003C02F2</string>
				<key>buildPhases</key>
				<array>
					<string>E4B69B580A3A1756003C02F2</string>
					<string>E4B69B590A3A1756003C02F2</string>
					<string>E4B6FFFD0C3F9AB9008CF71C</string>
					<string>E4C2427710CC5ABF004149E2</string>
					<string>8466F1851C04CA0E00918B1C</string>
				</array>
				<key>buildRules</key>
				<array />
				<key>dependencies</key>
				<array>
					<string>E4EEB9AC138B136A00A80321</string>
				</array>
				<key>isa</key>
				<string>PBXNativeTarget</string>
				<key>name</key>
				<string>BasicSketch</string>
				<key>productName</key>
				<string>myOFApp</string>
				<key>productReference</key>
				<string>E4B69B5B0A3A1756003C02F2</string>
				<key>productType</key>
				<string>com.apple.product-type.application</string>
			</dict>
			<key>E4B69B5B0A3A1756003C02F2</key>
			<dict>
				<key>explicitFileType</key>
				<string>wrapper.application</string>
				<key>includeInIndex</key>
				<string>0</string>
				<key>isa</key>
				<string>PBXFileReference</string>
				<key>path</key>
				<string>BasicSketchDebug.app</string>
				<key>sourceTree</key>
				<string>BUILT_PRODUCTS_DIR</string>
			</dict>
			<key>E4B69B5F0A3A1757003C02F2</key>
			<dict>
				<key>buildConfigurations</key>
				<array>
					<string>E4B69B600A3A1757003C02F2</string>
					<string>E4B69B610A3A1757003C02F2</string>
					<string>99FA3DBC1C7456C400CFA0EE</string>
				</array>
				<key>defaultConfigurationIsVisible</key>
				<string>0</string>
				<key>defaultConfigurationName</key>
				<string>Release</string>
				<key>isa</key>
				<string>XCConfigurationList</string>
			</dict>
			<key>E4B69B600A3A1757003C02F2</key>
			<dict>
				<key>baseConfigurationReference</key>
				<string>E4EB6923138AFD0F00A09F29</string>
				<key>buildSettings</key>
				<dict>
					<key>GCC_PREPROCESSOR_DEFINITIONS</key>
					<array>
						<string>USE_OFX_HISTORYPLOT</string>
						<string>USE_OFX_FONTSTASH</string>
					</array>
					<key>OTHER_CFLAGS</key>
					<array>
						<string>-DNO_RUI_WEBSOCKETS</string>
						<string>-DNO_RUI_WEBSERVER</string>
					</array>
					<key>OTHER_LDFLAGS</key>
					<array>
						<string>$(OF_CORE_FRAMEWORKS) $(OF_CORE_LIBS)</string>
						<string>..\..\OpenFrameworks\addons/ofxPoco\libs/poco/lib/osx/PocoNetSSL.a</string>
						<string>..\..\OpenFrameworks\addons/ofxPoco\libs/poco/lib/osx/PocoNet.a</string>
						<string>..\..\OpenFrameworks\addons/ofxPoco\libs/poco/lib/osx/PocoCrypto.a</string>
						<string>..\..\OpenFrameworks\addons/ofxPoco\libs/poco/lib/osx/PocoUtil.a</string>
						<string>..\..\OpenFrameworks\addons/ofxPoco\libs/poco/lib/osx/PocoJSON.a</string>
						<string>..\..\OpenFrameworks\addons/ofxPoco\libs/poco/lib/osx/PocoXML.a</string>
						<string>..\..\OpenFrameworks\addons/ofxPoco\libs/poco/lib/osx/PocoFoundation.a</string>
						<string>..\..\OpenFrameworks\addons/ofxPoco\libs/openssl/lib/osx/crypto.a</string>
						<string>..\..\OpenFrameworks\addons/ofxPoco\libs/openssl/lib/osx/ssl.a</string>
					</array>
					<key>HEADER_SEARCH_PATHS</key>
					<array>
						<string>$(OF_CORE_HEADERS)</string>
						<string>src</string>
						<string>../../OpenFrameworks/addons\ofxOsc/libs</string>
						<string>../../OpenFrameworks/addons\ofxOsc/libs\oscpack</string>
						<string>../../OpenFrameworks/addons\ofxOsc/libs\oscpack\src</string>
						<string>../../OpenFrameworks/addons\ofxOsc/libs\oscpack\src\ip</string>
						<string>../../OpenFrameworks/addons\ofxOsc/libs\oscpack\src\ip\posix</string>
						<string>../../OpenFrameworks/addons\ofxOsc/libs\oscpack\src\ip\win32</string>
						<string>../../OpenFrameworks/addons\ofxOsc/libs\oscpack\src\osc</string>
						<string>../../OpenFrameworks/addons\ofxOsc/src</string>
						<string>..\..\OpenFrameworks\addons/ofxPoco\libs/poco/include</string>
						<string>..\..\OpenFrameworks\addons/ofxPoco\src</string>
						<string>..\..\OpenFrameworks\addons/ofxPoco\libs/openssl/include</string>
						<string>../../OpenFrameworks/addons\ofxXmlSettings/libs</string>
						<string>../../OpenFrameworks/addons\ofxXmlSettings/src</string>
						<string>../../ExternalAddons/ofxTimeMeasurements/src</string>
						<string>../../ExternalAddons/ofxRemoteUI/src</string>
						<string>../../ExternalAddons/ofxHistoryPlot/src</string>
						<string>../../ExternalAddons/ofxAnimatable/src</string>
						<string>../../ExternalAddons/ofxFontStash/libs</string>
						<string>../../ExternalAddons/ofxFontStash/libs\fontstash</string>
						<string>../../ExternalAddons/ofxFontStash/libs\fontstash\src</string>
						<string>../../ExternalAddons/ofxFontStash/src</string>
						<string>../../ExternalAddons/ofxFontStash\libs/fontstash/src</string>
						<string>../../ExternalAddons/ofxScreenSetup/src</string>
					</array>
					<key>COMBINE_HIDPI_IMAGES</key>
					<string>YES</string>
					<key>COPY_PHASE_STRIP</key>
					<string>NO</string>
					<key>FRAMEWORK_SEARCH_PATHS</key>
					<string>$(inherited)</string>
					<key>GCC_DYNAMIC_NO_PIC</key>
					<string>NO</string>
					<key>GCC_GENERATE_DEBUGGING_SYMBOLS</key>
					<string>YES</string>
					<key>GCC_MODEL_TUNING</key>
					<string>NONE</string>
					<key>ICON</key>
					<string>$(ICON_NAME_DEBUG)</string>
					<key>ICON_FILE</key>
					<string>$(ICON_FILE_PATH)$(ICON)</string>
					<key>INFOPLIST_FILE</key>
					<string>openFrameworks-Info.plist</string>
					<key>INSTALL_PATH</key>
					<string>/Applications</string>
					<key>LIBRARY_SEARCH_PATHS</key>
					<string>$(inherited)</string>
					<key>PRODUCT_NAME</key>
					<string>$(TARGET_NAME)Debug</string>
					<key>WRAPPER_EXTENSION</key>
					<string>app</string>
				</dict>
				<key>isa</key>
				<string>XCBuildConfiguration</string>
				<key>name</key>
				<string>Debug</string>
			</dict>
			<key>E4B69B610A3A1757003C02F2</key>
			<dict>
				<key>baseConfigurationReference</key>
				<string>E4EB6923138AFD0F00A09F29</string>
				<key>buildSettings</key>
				<dict>
					<key>GCC_PREPROCESSOR_DEFINITIONS</key>
					<array>
						<string>USE_OFX_HISTORYPLOT</string>
						<string>USE_OFX_FONTSTASH</string>
					</array>
					<key>OTHER_CFLAGS</key>
					<array>
						<string>-DNO_RUI_WEBSOCKETS</string>
						<string>-DNO_RUI_WEBSERVER</string>
					</array>
					<key>OTHER_LDFLAGS</key>
					<array>
						<string>$(OF_CORE_FRAMEWORKS) $(OF_CORE_LIBS)</string>
						<string>..\..\OpenFrameworks\addons/ofxPoco\libs/poco/lib/osx/PocoNetSSL.a</string>
						<string>..\..\OpenFrameworks\addons/ofxPoco\libs/poco/lib/osx/PocoNet.a</string>
						<string>..\..\OpenFrameworks\addons/ofxPoco\libs/poco/lib/osx/PocoCrypto.a</string>
						<string>..\..\OpenFrameworks\addons/ofxPoco\libs/poco/lib/osx/PocoUtil.a</string>
						<string>..\..\OpenFrameworks\addons/ofxPoco\libs/poco/lib/osx/PocoJSON.a</string>
						<string>..\..\OpenFrameworks\addons/ofxPoco\libs/poco/lib/osx/PocoXML.a</string>
						<string>..\..\OpenFrameworks\addons/ofxPoco\libs/poco/lib/osx/PocoFoundation.a</string>
						<string>..\..\OpenFrameworks\addons/ofxPoco\libs/openssl/lib/osx/crypto.a</string>
						<string>..\..\OpenFrameworks\addons/ofxPoco\libs/openssl/lib/osx/ssl.a</string>
					</array>
					<key>HEADER_SEARCH_PATHS</key>
					<array>
						<string>$(OF_CORE_HEADERS)</string>
						<string>src</string>
						<string>../../OpenFrameworks/addons\ofxOsc/libs</string>
						<string>../../OpenFrameworks/addons\ofxOsc/libs\oscpack</string>
						<string>../../OpenFrameworks/addons\ofxOsc/libs\oscpack\src</string>
						<string>../../OpenFrameworks/addons\ofxOsc/libs\oscpack\src\ip</string>
						<string>../../OpenFrameworks/addons\ofxOsc/libs\oscpack\src\ip\posix</string>
						<string>../../OpenFrameworks/addons\ofxOsc/libs\oscpack\src\ip\win32</string>
						<string>../../OpenFrameworks/addons\ofxOsc/libs\oscpack\src\osc</string>
						<string>../../OpenFrameworks/addons\ofxOsc/src</string>
						<string>..\..\OpenFrameworks\addons/ofxPoco\libs/poco/include</string>
						<string>..\..\OpenFrameworks\addons/ofxPoco\src</string>
						<string>..\..\OpenFrameworks\addons/ofxPoco\libs/openssl/include</string>
						<string>../../OpenFrameworks/addons\ofxXmlSettings/libs</string>
						<string>../../OpenFrameworks/addons\ofxXmlSettings/src</string>
						<string>../../ExternalAddons/ofxTimeMeasurements/src</string>
						<string>../../ExternalAddons/ofxRemoteUI/src</string>
						<string>../../ExternalAddons/ofxHistoryPlot/src</string>
						<string>../../ExternalAddons/ofxAnimatable/src</string>
						<string>../../ExternalAddons/ofxFontStash/libs</string>
						<string>../../ExternalAddons/ofxFontStash/libs\fontstash</string>
						<string>../../ExternalAddons/ofxFontStash/libs\fontstash\src</string>
						<string>../../ExternalAddons/ofxFontStash/src</string>
						<string>../../ExternalAddons/ofxFontStash\libs/fontstash/src</string>
						<string>../../ExternalAddons/ofxScreenSetup/src</string>
					</array>
					<key>COMBINE_HIDPI_IMAGES</key>
					<string>YES</string>
					<key>COPY_PHASE_STRIP</key>
					<string>YES</string>
					<key>FRAMEWORK_SEARCH_PATHS</key>
					<string>$(inherited)</string>
					<key>GCC_GENERATE_DEBUGGING_SYMBOLS</key>
					<string>YES</string>
					<key>GCC_MODEL_TUNING</key>
					<string>NONE</string>
					<key>ICON</key>
					<string>$(ICON_NAME_RELEASE)</string>
					<key>ICON_FILE</key>
					<string>$(ICON_FILE_PATH)$(ICON)</string>
					<key>INFOPLIST_FILE</key>
					<string>openFrameworks-Info.plist</string>
					<key>INSTALL_PATH</key>
					<string>/Applications</string>
					<key>LIBRARY_SEARCH_PATHS</key>
					<string>$(inherited)</string>
					<key>PRODUCT_NAME</key>
					<string>$(TARGET_NAME)</string>
					<key>WRAPPER_EXTENSION</key>
					<string>app</string>
					<key>baseConfigurationReference</key>
					<string>E4EB6923138AFD0F00A09F29</string>
				</dict>
				<key>isa</key>
				<string>XCBuildConfiguration</string>
				<key>name</key>
				<string>Release</string>
			</dict>
			<key>E4B69E1C0A3A1BDC003C02F2</key>
			<dict>
				<key>children</key>
				<array>
					<string>E4B69E1D0A3A1BDC003C02F2</string>
					<string>E4B69E1E0A3A1BDC003C02F2</string>
					<string>E4B69E1F0A3A1BDC003C02F2</string>
					<string>0BC8C4FE0158A18092F89F8E</string>
					<string>F4EC735D3A6B6E781BEDB7D1</string>
					<string>C5318E5F59AB3E5B76827F50</string>
				</array>
				<key>isa</key>
				<string>PBXGroup</string>
				<key>path</key>
				<string>src</string>
				<key>sourceTree</key>
				<string>SOURCE_ROOT</string>
			</dict>
			<key>E4B69E1D0A3A1BDC003C02F2</key>
			<dict>
				<key>fileEncoding</key>
				<string>4</string>
				<key>isa</key>
				<string>PBXFileReference</string>
				<key>lastKnownFileType</key>
				<string>sourcecode.cpp.cpp</string>
				<key>name</key>
				<string>main.cpp</string>
				<key>path</key>
				<string>src/main.cpp</string>
				<key>sourceTree</key>
				<string>SOURCE_ROOT</string>
			</dict>
			<key>E4B69E1E0A3A1BDC003C02F2</key>
			<dict>
				<key>explicitFileType</key>
				<string>sourcecode.cpp.cpp</string>
				<key>fileEncoding</key>
				<string>4</string>
				<key>isa</key>
				<string>PBXFileReference</string>
				<key>name</key>
				<string>ofApp.cpp</string>
				<key>path</key>
				<string>src/ofApp.cpp</string>
				<key>sourceTree</key>
				<string>SOURCE_ROOT</string>
			</dict>
			<key>E4B69E1F0A3A1BDC003C02F2</key>
			<dict>
				<key>fileEncoding</key>
				<string>4</string>
				<key>isa</key>
				<string>PBXFileReference</string>
				<key>lastKnownFileType</key>
				<string>sourcecode.c.h</string>
				<key>name</key>
				<string>ofApp.h</string>
				<key>path</key>
				<string>src/ofApp.h</string>
				<key>sourceTree</key>
				<string>SOURCE_ROOT</string>
			</dict>
			<key>E4B69E200A3A1BDC003C02F2</key>
			<dict>
				<key>fileRef</key>
				<string>E4B69E1D0A3A1BDC003C02F2</string>
				<key>isa</key>
				<string>PBXBuildFile</string>
			</dict>
			<key>E4B69E210A3A1BDC003C02F2</key>
			<dict>
				<key>fileRef</key>
				<string>E4B69E1E0A3A1BDC003C02F2</string>
				<key>isa</key>
				<string>PBXBuildFile</string>
			</dict>
			<key>E4B6FCAD0C3E899E008CF71C</key>
			<dict>
				<key>fileEncoding</key>
				<string>4</string>
				<key>isa</key>
				<string>PBXFileReference</string>
				<key>lastKnownFileType</key>
				<string>text.plist.xml</string>
				<key>path</key>
				<string>openFrameworks-Info.plist</string>
				<key>sourceTree</key>
				<string>&lt;group&gt;</string>
			</dict>
			<key>E4B6FFFD0C3F9AB9008CF71C</key>
			<dict>
				<key>buildActionMask</key>
				<string>2147483647</string>
				<key>files</key>
				<array />
				<key>inputPaths</key>
				<array />
				<key>isa</key>
				<string>PBXShellScriptBuildPhase</string>
				<key>outputPaths</key>
				<array />
				<key>runOnlyForDeploymentPostprocessing</key>
				<string>0</string>
				<key>shellPath</key>
				<string>/bin/sh</string>
				<key>shellScript</key>
				<string>mkdir -p "$TARGET_BUILD_DIR/$PRODUCT_NAME.app/Contents/Resources/"
# Copy default icon file into App/Resources
rsync -aved "$ICON_FILE" "$TARGET_BUILD_DIR/$PRODUCT_NAME.app/Contents/Resources/"
# Copy libfmod and change install directory for fmod to run
rsync -aved "$OF_PATH/libs/fmodex/lib/osx/libfmodex.dylib" "$TARGET_BUILD_DIR/$PRODUCT_NAME.app/Contents/Frameworks/";
install_name_tool -change @executable_path/libfmodex.dylib @executable_path/../Frameworks/libfmodex.dylib "$TARGET_BUILD_DIR/$PRODUCT_NAME.app/Contents/MacOS/$PRODUCT_NAME";

echo "$GCC_PREPROCESSOR_DEFINITIONS";
</string>
			</dict>
			<key>E4C2427710CC5ABF004149E2</key>
			<dict>
				<key>buildActionMask</key>
				<string>2147483647</string>
				<key>dstPath</key>
				<string />
				<key>dstSubfolderSpec</key>
				<string>10</string>
				<key>files</key>
				<array />
				<key>isa</key>
				<string>PBXCopyFilesBuildPhase</string>
				<key>runOnlyForDeploymentPostprocessing</key>
				<string>0</string>
			</dict>
			<key>E4EB691F138AFCF100A09F29</key>
			<dict>
				<key>fileEncoding</key>
				<string>4</string>
				<key>isa</key>
				<string>PBXFileReference</string>
				<key>lastKnownFileType</key>
				<string>text.xcconfig</string>
				<key>name</key>
				<string>CoreOF.xcconfig</string>
				<key>path</key>
				<string>../../OpenFrameworks/libs/openFrameworksCompiled/project/osx/CoreOF.xcconfig</string>
				<key>sourceTree</key>
				<string>SOURCE_ROOT</string>
			</dict>
			<key>E4EB6923138AFD0F00A09F29</key>
			<dict>
				<key>fileEncoding</key>
				<string>4</string>
				<key>isa</key>
				<string>PBXFileReference</string>
				<key>lastKnownFileType</key>
				<string>text.xcconfig</string>
				<key>path</key>
				<string>Project.xcconfig</string>
				<key>sourceTree</key>
				<string>&lt;group&gt;</string>
			</dict>
			<key>E4EEB9AB138B136A00A80321</key>
			<dict>
				<key>containerPortal</key>
				<string>E4328143138ABC890047C5CB</string>
				<key>isa</key>
				<string>PBXContainerItemProxy</string>
				<key>proxyType</key>
				<string>1</string>
				<key>remoteGlobalIDString</key>
				<string>E4B27C1410CBEB8E00536013</string>
				<key>remoteInfo</key>
				<string>openFrameworks</string>
			</dict>
			<key>E4EEB9AC138B136A00A80321</key>
			<dict>
				<key>isa</key>
				<string>PBXTargetDependency</string>
				<key>name</key>
				<string>openFrameworks</string>
				<key>targetProxy</key>
				<string>E4EEB9AB138B136A00A80321</string>
			</dict>
			<key>E4EEC9E9138DF44700A80321</key>
			<dict>
				<key>children</key>
				<array>
					<string>E4EB691F138AFCF100A09F29</string>
					<string>E4328143138ABC890047C5CB</string>
				</array>
				<key>isa</key>
				<string>PBXGroup</string>
				<key>name</key>
				<string>openFrameworks</string>
				<key>sourceTree</key>
				<string>&lt;group&gt;</string>
			</dict>
		</dict>
		<key>rootObject</key>
		<string>E4B69B4C0A3A1720003C02F2</string>
	</dict>
</plist>
